{
  "version": 4,
  "terraform_version": "1.7.1",
  "serial": 497,
  "lineage": "009263a3-65b0-d106-2bc5-467557f390fe",
  "outputs": {
    "db_cluster_arn": {
      "value": "arn:aws:rds:us-east-1:637423386821:cluster:tf-20240527220750486400000001",
      "type": "string"
    },
    "db_connection_string": {
      "value": "postgresql://postgres:ThisIsATestPasswordPlzDontUseInProd@tf-20240527220750486400000001.cluster-c3swmgcw03az.us-east-1.rds.amazonaws.com/georecord",
      "type": "string"
    },
    "db_endpoint": {
      "value": "tf-20240527220750486400000001.cluster-c3swmgcw03az.us-east-1.rds.amazonaws.com",
      "type": "string"
    },
    "url": {
      "value": "https://d2rk6xqzz03yk4.cloudfront.net/",
      "type": "string"
    }
  },
  "resources": [
    {
      "mode": "data",
      "type": "aws_ecr_authorization_token",
      "name": "ecr_token",
      "provider": "provider[\"registry.terraform.io/hashicorp/aws\"]",
      "instances": [
        {
          "schema_version": 0,
          "attributes": {
            "authorization_token": "QVdTOmV5SndZWGxzYjJGa0lqb2lSMEZwWjBwR1VWb3llRlUyYzFoYVJrVmxSM0pxZVZOQ2RFNDVXbTFYTTAxNU4yeFZPWFJIU2pWWU1uVnlSbGxGWTFSQ1luSjRObXhMYzJsa09WQmphMWwxVDA1SVNuaFJNVUZYU1ZGVlZUUlZNVGg1U0ZjeE4zSjFVR0ZMYW1VMGVHOXFTRU5OTVZacFFVTmtNMVkxTUM5b1VVeDRVM3BuTVUxT1VsWnZVR1JJYjFWYU1XbExTV1JpUWxGd2F6aHZlRVI1VVdoRGRIbzVZMHBPZG5ka2MyeDJOa2hoUTFCV0wybFVaSFJ4UTBoUFkzUlVTa2czVUdkdWIycEpURk5pYjJ4NldGUTRibVZXYnpkbGVrcHZWRGRWT1hsNU0zTk1RM0JDWmpCd1IzWkVOVzFsWVRSWGIxWXdXa2RQTkhoNmMzSmhVbFYyTUdsQldVTXpSa2xUY2psNVlrcHVXWGxhVkZkUFdFdFZXVzR3VlNzd1drcFlSWHBCVGxJNEszVnJlbFIwTHl0U01tVnlSbkV5WW5KVVZrOVBPRGN6SzJ0U05HMU9UM3BEVEhOWVRrWnBUa2x6VlhSUFZIRmhNbEZ0YW5kemQyTk5kVkpRTDJkWlozaExZbnBWVVVJeGJrMXdhMjVpU2xaRk9UQmljakZCVFhWQlVuZFZTR1JqTTJkUU9YaGFjV2N5Um5CTU5qQnJkM1F3Ym1SWmFsUmtZbGhHY21KR1MzZDNjbk5NWm10bFdGVmpkM0o2ZUVsVGNWSjVXamh6U0daaGNVcE5RbXQzVnpKeU9EaEtSRkp6ZGpRclEwVlZTbkJ2Um10V00zTkdVSE0yVm5CRlRFVlhRWEZMT1d0Sk0xcE1ZVVUxTDA0NFdqSm1hR2hUWVVoYVVFSkpPVUpaT1ZGNlZIcDZWalZPUlV0SmFEZG1iM04wVTFwUk1EQllNbU13ZW1OSldGWnZLelJrVUVGbU9UWndVbTVDZUZsV2VXUkNlRk5HWldWR1pqRXdjMDFyV25GamMwWTBkbFJyTDBsaGJXMXhkR3QyUkhVNFltNXdVMGszWTBGSVdrZEVjbWN5WTFsT09WVTJOVTVuUkRoSVRuWlpPSGRGVmpGUU1ISXJVSEpvWm00d1lTdGxLeko2Y0d0eFdUQkxlRWc0VDFWUU5IVnNaVWhtUkZBeVFWTnhkM040TDFWamJUTlNMMU5OV0RGSE5qbHZNMW95TURCSlZsZElXVGRGVFhKM1VrUjZXREZJV1drMFlUbHpWMVU1TW5WRmEyOHJia2QwT0d3NFIxQmtOM0p3ZG5kNGFEbENLMnRTZWtKd00xWXZaakJhYWs1eFVteG1iWEJPTVVaUGRGaDVlVk5sVFZCdE9VSlJlbFpsY1VkSVRXeGlUVWRLZVZWMVZFdHNLMHhwVlZKSFpqVjVkRWRXYTBGRlIxSXhObmhDVkhRck5IQmxXR1lyYzI1aFpFODBWSEF4WmpNMGNFWklaRTFpU1VSa04yaE1SR2h4Tm5sclRVNWhOekJHWkRoRk9FNTVaVmhLZEN0T1RqZzFOa3RNWVVocmRXcENUMmh2Y1VSTmRVVkpiSFpQZFVsbU5taGlUbWMyUW1sWFV6UjJNMEZNUWtWSVpqSlhTRzQ0V201VU1ubE1WRWdyVVZKM1lWUndhMk16TlVkV1dFZzRUMWx3Ym1ReE4wNXdSSEVyVmpjdmF6aGpWbkYzZEc1UFZIVklOMnhMTUhwSE1rMVVUMnh6ZG05TGMwVkNlR3RSY21SSmREaExVRm94YkROaU1YQjNUVUl4VmpBclJtOTBiRTlEWkRBd2FVRTJjRFp5ZDBjMmFsTmxTVWxXV0RGNGFsVkVRams0U0hJNGFXSkRTM1U1T0M5YVNGazRURkpNTm5wMlFtUmlhMDByVkVaNldIcDJaRGhRYkhwWWQySnhlR0oxUVd4R1pITXpOSFYyWmpkRVNHUk1jMDl3UWxaaWNHVTBRM05yVkhRNVNqaHNhSHBHVG01WFptZHhkREJEVUV0QlJsWnFhVUprTDI1aVlWUjRNakk1ZFhneVpFaEZiRXd2WXl0eloxZ3llV0pwUWxaUlpFd3ZWV1ZNZEdOM1pUWlljazgwUjNoVk1VWktkVnAwU0UxcFMwUnRURXRwYlRCVGRqazJNbTFIWWpFclJVMTBMMHhRT1VsSVRGUlBSME5ZVEVoRk15dDVRMHhrUzFVNVIzUkVLM0ZTY1VkeFVUVnVaMmxaVUROcldVTnhkMkprYkZObmRrSTRZVTFSUldOS1JVWXJjVXh6VUROMU9ISjJRbVZySzNaMmR6VXJUbTU0TWtaME1ETjBWamR2UzAwd05rUXlTVFI1VjNsNVp6MDlJaXdpWkdGMFlXdGxlU0k2SWtGUlJVSkJTR2gzYlRCWllVbFRTbVZTZEVwdE5XNHhSeloxY1dWbGExaDFiMWhZVUdVMVZVWmpaVGxTY1Rndk1UUjNRVUZCU0RSM1prRlpTa3R2V2tsb2RtTk9RVkZqUjI5SE9IZGlVVWxDUVVSQ2IwSm5hM0ZvYTJsSE9YY3dRa0ozUlhkSVoxbEtXVWxhU1VGWFZVUkNRVVYxVFVKRlJVUkhhMlZKUzNWNk9UQmhkREJEVXpRM2QwbENSVWxCTjBoTVF6ZEdaMDU2YWpZelIwcFRTWGQyVmxjdlRGbDFVazlUYnpoamVrVnZiSGxCVGxCdEwzRlNiekk1ZEVKSWVGRjJVa0U0YURsSmRWcExlVE5UZFdoMWRGaE9iM2RuWTBRclVuRmphSE05SWl3aWRtVnljMmx2YmlJNklqSWlMQ0owZVhCbElqb2lSRUZVUVY5TFJWa2lMQ0psZUhCcGNtRjBhVzl1SWpveE56RTNNall3TkRVNWZRPT0=",
            "expires_at": "2024-06-01T16:47:39Z",
            "id": "us-east-1",
            "password": "eyJwYXlsb2FkIjoiR0FpZ0pGUVoyeFU2c1haRkVlR3JqeVNCdE45Wm1XM015N2xVOXRHSjVYMnVyRllFY1RCYnJ4NmxLc2lkOVBja1l1T05ISnhRMUFXSVFVVTRVMTh5SFcxN3J1UGFLamU0eG9qSENNMVZpQUNkM1Y1MC9oUUx4U3pnMU1OUlZvUGRIb1VaMWlLSWRiQlFwazhveER5UWhDdHo5Y0pOdndkc2x2NkhhQ1BWL2lUZHRxQ0hPY3RUSkg3UGdub2pJTFNib2x6WFQ4bmVWbzdlekpvVDdVOXl5M3NMQ3BCZjBwR3ZENW1lYTRXb1YwWkdPNHh6c3JhUlV2MGlBWUMzRklTcjl5YkpuWXlaVFdPWEtVWW4wVSswWkpYRXpBTlI4K3VrelR0LytSMmVyRnEyYnJUVk9PODczK2tSNG1OT3pDTHNYTkZpTklzVXRPVHFhMlFtandzd2NNdVJQL2dZZ3hLYnpVUUIxbk1wa25iSlZFOTBicjFBTXVBUndVSGRjM2dQOXhacWcyRnBMNjBrd3QwbmRZalRkYlhGcmJGS3d3cnNMZmtlWFVjd3J6eElTcVJ5WjhzSGZhcUpNQmt3VzJyODhKRFJzdjQrQ0VVSnBvRmtWM3NGUHM2VnBFTEVXQXFLOWtJM1pMYUU1L044WjJmaGhTYUhaUEJJOUJZOVF6VHp6VjVORUtJaDdmb3N0U1pRMDBYMmMwemNJWFZvKzRkUEFmOTZwUm5CeFlWeWRCeFNGZWVGZjEwc01rWnFjc0Y0dlRrL0lhbW1xdGt2RHU4Ym5wU0k3Y0FIWkdEcmcyY1lOOVU2NU5nRDhITnZZOHdFVjFQMHIrUHJoZm4wYStlKzJ6cGtxWTBLeEg4T1VQNHVsZUhmRFAyQVNxd3N4L1VjbTNSL1NNWDFHNjlvM1oyMDBJVldIWTdFTXJ3UkR6WDFIWWk0YTlzV1U5MnVFa28rbkd0OGw4R1BkN3Jwdnd4aDlCK2tSekJwM1YvZjBaak5xUmxmbXBOMUZPdFh5eVNlTVBtOUJRelZlcUdITWxiTUdKeVV1VEtsK0xpVVJHZjV5dEdWa0FFR1IxNnhCVHQrNHBlWGYrc25hZE80VHAxZjM0cEZIZE1iSURkN2hMRGhxNnlrTU5hNzBGZDhFOE55ZVhKdCtOTjg1NktMYUhrdWpCT2hvcURNdUVJbHZPdUlmNmhiTmc2QmlXUzR2M0FMQkVIZjJXSG44Wm5UMnlMVEgrUVJ3YVRwa2MzNUdWWEg4T1lwbmQxN05wRHErVjcvazhjVnF3dG5PVHVIN2xLMHpHMk1UT2xzdm9Lc0VCeGtRcmRJdDhLUFoxbDNiMXB3TUIxVjArRm90bE9DZDAwaUE2cDZyd0c2alNlSUlWWDF4alVEQjk4SHI4aWJDS3U5OC9aSFk4TFJMNnp2QmRia00rVEZ6WHp2ZDhQbHpYd2JxeGJ1QWxGZHMzNHV2ZjdESGRMc09wQlZicGU0Q3NrVHQ5SjhsaHpGTm5XZmdxdDBDUEtBRlZqaUJkL25iYVR4MjI5dXgyZEhFbEwvYytzZ1gyeWJpQlZRZEwvVWVMdGN3ZTZYck80R3hVMUZKdVp0SE1pS0RtTEtpbTBTdjk2Mm1HYjErRU10L0xQOUlITFRPR0NYTEhFMyt5Q0xkS1U5R3REK3FScUdxUTVuZ2lZUDNrWUNxd2JkbFNndkI4YU1RRWNKRUYrcUxzUDN1OHJ2QmVrK3Z2dzUrTm54MkZ0MDN0VjdvS00wNkQySTR5V3l5Zz09IiwiZGF0YWtleSI6IkFRRUJBSGh3bTBZYUlTSmVSdEptNW4xRzZ1cWVla1h1b1hYUGU1VUZjZTlScTgvMTR3QUFBSDR3ZkFZSktvWklodmNOQVFjR29HOHdiUUlCQURCb0Jna3Foa2lHOXcwQkJ3RXdIZ1lKWUlaSUFXVURCQUV1TUJFRURHa2VJS3V6OTBhdDBDUzQ3d0lCRUlBN0hMQzdGZ056ajYzR0pTSXd2VlcvTFl1Uk9TbzhjekVvbHlBTlBtL3FSbzI5dEJIeFF2UkE4aDlJdVpLeTNTdWh1dFhOb3dnY0QrUnFjaHM9IiwidmVyc2lvbiI6IjIiLCJ0eXBlIjoiREFUQV9LRVkiLCJleHBpcmF0aW9uIjoxNzE3MjYwNDU5fQ==",
            "proxy_endpoint": "https://637423386821.dkr.ecr.us-east-1.amazonaws.com",
            "registry_id": null,
            "user_name": "AWS"
          },
          "sensitive_attributes": []
        }
      ]
    },
    {
      "mode": "data",
      "type": "aws_iam_role",
      "name": "lab",
      "provider": "provider[\"registry.terraform.io/hashicorp/aws\"]",
      "instances": [
        {
          "schema_version": 0,
          "attributes": {
            "arn": "arn:aws:iam::637423386821:role/LabRole",
            "assume_role_policy": "{\"Version\":\"2012-10-17\",\"Statement\":[{\"Effect\":\"Allow\",\"Principal\":{\"Service\":[\"cloudformation.amazonaws.com\",\"resource-groups.amazonaws.com\",\"robomaker.amazonaws.com\",\"ec2.application-autoscaling.amazonaws.com\",\"quicksight.amazonaws.com\",\"elasticmapreduce.amazonaws.com\",\"states.amazonaws.com\",\"ecs.amazonaws.com\",\"eks-fargate-pods.amazonaws.com\",\"s3.amazonaws.com\",\"deepracer.amazonaws.com\",\"redshift.amazonaws.com\",\"cognito-idp.amazonaws.com\",\"autoscaling.amazonaws.com\",\"scheduler.amazonaws.com\",\"batch.amazonaws.com\",\"secretsmanager.amazonaws.com\",\"kms.amazonaws.com\",\"ssm.amazonaws.com\",\"sagemaker.amazonaws.com\",\"backup.amazonaws.com\",\"kinesis.amazonaws.com\",\"rds.amazonaws.com\",\"lex.amazonaws.com\",\"eks.amazonaws.com\",\"codewhisperer.amazonaws.com\",\"personalize.amazonaws.com\",\"cloudfront.amazonaws.com\",\"forecast.amazonaws.com\",\"ec2.amazonaws.com\",\"athena.amazonaws.com\",\"codedeploy.amazonaws.com\",\"sqs.amazonaws.com\",\"apigateway.amazonaws.com\",\"iotanalytics.amazonaws.com\",\"elasticfilesystem.amazonaws.com\",\"sns.amazonaws.com\",\"elasticloadbalancing.amazonaws.com\",\"iotevents.amazonaws.com\",\"iot.amazonaws.com\",\"codecommit.amazonaws.com\",\"rekognition.amazonaws.com\",\"storagegateway.amazonaws.com\",\"ecs-tasks.amazonaws.com\",\"lambda.amazonaws.com\",\"application-autoscaling.amazonaws.com\",\"databrew.amazonaws.com\",\"dynamodb.amazonaws.com\",\"datapipeline.amazonaws.com\",\"servicecatalog.amazonaws.com\",\"credentials.iot.amazonaws.com\",\"kinesisanalytics.amazonaws.com\",\"kendra.amazonaws.com\",\"pipes.amazonaws.com\",\"cloud9.amazonaws.com\",\"glue.amazonaws.com\",\"cloudtrail.amazonaws.com\",\"elasticbeanstalk.amazonaws.com\",\"firehose.amazonaws.com\",\"logs.amazonaws.com\",\"events.amazonaws.com\"]},\"Action\":\"sts:AssumeRole\"},{\"Effect\":\"Allow\",\"Principal\":{\"Federated\":\"arn:aws:iam::637423386821:saml-provider/cloud-services.its.uq.edu.au\"},\"Action\":\"sts:AssumeRoleWithSAML\"}]}",
            "create_date": "2024-04-23T13:14:12Z",
            "description": "",
            "id": "LabRole",
            "max_session_duration": 43200,
            "name": "LabRole",
            "path": "/",
            "permissions_boundary": "",
            "role_last_used": [
              {
                "last_used_date": "2024-06-01T04:35:52Z",
                "region": "us-east-1"
              }
            ],
            "tags": {
              "Automation": "CloudFormation",
              "Course": "CSSE6400",
              "Owner": "CourseStaff"
            },
            "unique_id": "AROAZI2LFADCZRLAGZZ2N"
          },
          "sensitive_attributes": []
        }
      ]
    },
    {
      "mode": "data",
      "type": "aws_subnets",
      "name": "ecs_subnet",
      "provider": "provider[\"registry.terraform.io/hashicorp/aws\"]",
      "instances": [
        {
          "schema_version": 0,
          "attributes": {
            "filter": [
              {
                "name": "vpc-id",
                "values": [
                  "vpc-09772bcded7dee7c3"
                ]
              }
            ],
            "id": "us-east-1",
            "ids": [
              "subnet-01e0172c9ced5ad2a",
              "subnet-02f77904c99e003f0",
              "subnet-07f2404b886199003",
              "subnet-00d35906f581d0450",
              "subnet-09541d75c05bf0bcc",
              "subnet-0d8b9eb3e4d1ececd"
            ],
            "tags": null,
            "timeouts": null
          },
          "sensitive_attributes": []
        }
      ]
    },
    {
      "mode": "data",
      "type": "aws_vpc",
      "name": "default",
      "provider": "provider[\"registry.terraform.io/hashicorp/aws\"]",
      "instances": [
        {
          "schema_version": 0,
          "attributes": {
            "arn": "arn:aws:ec2:us-east-1:637423386821:vpc/vpc-09772bcded7dee7c3",
            "cidr_block": "172.31.0.0/16",
            "cidr_block_associations": [
              {
                "association_id": "vpc-cidr-assoc-04156aad7c959b387",
                "cidr_block": "172.31.0.0/16",
                "state": "associated"
              }
            ],
            "default": true,
            "dhcp_options_id": "dopt-0165cfb3357b00c32",
            "enable_dns_hostnames": true,
            "enable_dns_support": true,
            "enable_network_address_usage_metrics": false,
            "filter": null,
            "id": "vpc-09772bcded7dee7c3",
            "instance_tenancy": "default",
            "ipv6_association_id": "",
            "ipv6_cidr_block": "",
            "main_route_table_id": "rtb-0133f1008286019fb",
            "owner_id": "637423386821",
            "state": null,
            "tags": {},
            "timeouts": null
          },
          "sensitive_attributes": []
        }
      ]
    },
    {
      "mode": "managed",
      "type": "aws_appautoscaling_policy",
      "name": "api_cpu_autoscale_policy",
      "provider": "provider[\"registry.terraform.io/hashicorp/aws\"]",
      "instances": [
        {
          "schema_version": 0,
          "attributes": {
            "alarm_arns": [
              "arn:aws:cloudwatch:us-east-1:637423386821:alarm:TargetTracking-service/georecord-api/georecord-api-AlarmHigh-a572d44b-f84d-4bc1-a939-1a7239074d4e",
              "arn:aws:cloudwatch:us-east-1:637423386821:alarm:TargetTracking-service/georecord-api/georecord-api-AlarmLow-5d6de5e0-515a-4aad-aead-220d7f0d071e"
            ],
            "arn": "arn:aws:autoscaling:us-east-1:637423386821:scalingPolicy:9635af00-630c-4f22-8c47-270dd8e7f1c2:resource/ecs/service/georecord-api/georecord-api:policyName/cpu-utilization-target",
            "id": "cpu-utilization-target",
            "name": "cpu-utilization-target",
            "policy_type": "TargetTrackingScaling",
            "resource_id": "service/georecord-api/georecord-api",
            "scalable_dimension": "ecs:service:DesiredCount",
            "service_namespace": "ecs",
            "step_scaling_policy_configuration": [],
            "target_tracking_scaling_policy_configuration": [
              {
                "customized_metric_specification": [],
                "disable_scale_in": false,
                "predefined_metric_specification": [
                  {
                    "predefined_metric_type": "ECSServiceAverageCPUUtilization",
                    "resource_label": ""
                  }
                ],
                "scale_in_cooldown": 10,
                "scale_out_cooldown": 60,
                "target_value": 50
              }
            ]
          },
          "sensitive_attributes": [],
          "private": "bnVsbA==",
          "dependencies": [
            "aws_appautoscaling_target.api",
            "aws_db_subnet_group.db_subnet_group",
            "aws_ecr_repository.api",
            "aws_ecs_cluster.api",
            "aws_ecs_service.api",
            "aws_ecs_task_definition.api",
            "aws_lb_target_group.api_tg",
            "aws_rds_cluster.georecord_db",
            "aws_security_group.allow_db",
            "aws_security_group.api",
            "data.aws_ecr_authorization_token.ecr_token",
            "data.aws_iam_role.lab",
            "data.aws_subnets.ecs_subnet",
            "data.aws_vpc.default",
            "docker_image.api",
            "docker_registry_image.api"
          ]
        }
      ]
    },
    {
      "mode": "managed",
      "type": "aws_appautoscaling_policy",
      "name": "auth_cpu_autoscale_policy",
      "provider": "provider[\"registry.terraform.io/hashicorp/aws\"]",
      "instances": [
        {
          "schema_version": 0,
          "attributes": {
            "alarm_arns": [
              "arn:aws:cloudwatch:us-east-1:637423386821:alarm:TargetTracking-service/georecord-auth/georecord-auth-AlarmHigh-4f826c98-2dd2-447f-a8a0-9223f7511d97",
              "arn:aws:cloudwatch:us-east-1:637423386821:alarm:TargetTracking-service/georecord-auth/georecord-auth-AlarmLow-0484fafb-bbcd-4239-9133-03def4b5edc6"
            ],
            "arn": "arn:aws:autoscaling:us-east-1:637423386821:scalingPolicy:8450e4e8-ef9f-4d73-b242-78eacfe1d0d2:resource/ecs/service/georecord-auth/georecord-auth:policyName/cpu-utilization-target",
            "id": "cpu-utilization-target",
            "name": "cpu-utilization-target",
            "policy_type": "TargetTrackingScaling",
            "resource_id": "service/georecord-auth/georecord-auth",
            "scalable_dimension": "ecs:service:DesiredCount",
            "service_namespace": "ecs",
            "step_scaling_policy_configuration": [],
            "target_tracking_scaling_policy_configuration": [
              {
                "customized_metric_specification": [],
                "disable_scale_in": false,
                "predefined_metric_specification": [
                  {
                    "predefined_metric_type": "ECSServiceAverageCPUUtilization",
                    "resource_label": ""
                  }
                ],
                "scale_in_cooldown": 10,
                "scale_out_cooldown": 60,
                "target_value": 50
              }
            ]
          },
          "sensitive_attributes": [],
          "private": "bnVsbA==",
          "dependencies": [
            "aws_appautoscaling_target.auth",
            "aws_db_subnet_group.db_subnet_group",
            "aws_ecr_repository.auth",
            "aws_ecs_cluster.auth",
            "aws_ecs_service.auth",
            "aws_ecs_task_definition.auth",
            "aws_lb_target_group.auth_tg",
            "aws_rds_cluster.georecord_db",
            "aws_security_group.allow_db",
            "aws_security_group.auth",
            "data.aws_ecr_authorization_token.ecr_token",
            "data.aws_iam_role.lab",
            "data.aws_subnets.ecs_subnet",
            "data.aws_vpc.default",
            "docker_image.auth",
            "docker_registry_image.auth"
          ]
        }
      ]
    },
    {
      "mode": "managed",
      "type": "aws_appautoscaling_policy",
      "name": "frontend_cpu_autoscale_policy",
      "provider": "provider[\"registry.terraform.io/hashicorp/aws\"]",
      "instances": [
        {
          "schema_version": 0,
          "attributes": {
            "alarm_arns": [
              "arn:aws:cloudwatch:us-east-1:637423386821:alarm:TargetTracking-service/georecord-frontend/georecord-frontend-AlarmHigh-22d51d87-e44b-4a22-8f4d-abc48b293f38",
              "arn:aws:cloudwatch:us-east-1:637423386821:alarm:TargetTracking-service/georecord-frontend/georecord-frontend-AlarmLow-e7ccd713-f1bb-417c-996b-11aa48430c76"
            ],
            "arn": "arn:aws:autoscaling:us-east-1:637423386821:scalingPolicy:d1b8ba97-b79e-4eb6-92e4-29ed2f70ea8a:resource/ecs/service/georecord-frontend/georecord-frontend:policyName/cpu-utilization-target",
            "id": "cpu-utilization-target",
            "name": "cpu-utilization-target",
            "policy_type": "TargetTrackingScaling",
            "resource_id": "service/georecord-frontend/georecord-frontend",
            "scalable_dimension": "ecs:service:DesiredCount",
            "service_namespace": "ecs",
            "step_scaling_policy_configuration": [],
            "target_tracking_scaling_policy_configuration": [
              {
                "customized_metric_specification": [],
                "disable_scale_in": false,
                "predefined_metric_specification": [
                  {
                    "predefined_metric_type": "ECSServiceAverageCPUUtilization",
                    "resource_label": ""
                  }
                ],
                "scale_in_cooldown": 10,
                "scale_out_cooldown": 60,
                "target_value": 50
              }
            ]
          },
          "sensitive_attributes": [],
          "private": "bnVsbA==",
          "dependencies": [
            "aws_appautoscaling_target.frontend",
            "aws_ecr_repository.frontend",
            "aws_ecs_cluster.frontend",
            "aws_ecs_service.frontend",
            "aws_ecs_task_definition.frontend",
            "aws_lb_target_group.frontend_tg",
            "aws_security_group.frontend",
            "data.aws_ecr_authorization_token.ecr_token",
            "data.aws_iam_role.lab",
            "data.aws_subnets.ecs_subnet",
            "data.aws_vpc.default",
            "docker_image.frontend",
            "docker_registry_image.frontend"
          ]
        }
      ]
    },
    {
      "mode": "managed",
      "type": "aws_appautoscaling_policy",
      "name": "user_cpu_autoscale_policy",
      "provider": "provider[\"registry.terraform.io/hashicorp/aws\"]",
      "instances": [
        {
          "schema_version": 0,
          "attributes": {
            "alarm_arns": [
              "arn:aws:cloudwatch:us-east-1:637423386821:alarm:TargetTracking-service/georecord-user/georecord-user-AlarmHigh-f2d99861-4a89-49ad-ae72-4c4513a1b19e",
              "arn:aws:cloudwatch:us-east-1:637423386821:alarm:TargetTracking-service/georecord-user/georecord-user-AlarmLow-6698c49d-855e-42c1-817a-de8fc9fe3bdf"
            ],
            "arn": "arn:aws:autoscaling:us-east-1:637423386821:scalingPolicy:bfd8e728-6cef-408d-9491-5e0ffe3a5376:resource/ecs/service/georecord-user/georecord-user:policyName/cpu-utilization-target",
            "id": "cpu-utilization-target",
            "name": "cpu-utilization-target",
            "policy_type": "TargetTrackingScaling",
            "resource_id": "service/georecord-user/georecord-user",
            "scalable_dimension": "ecs:service:DesiredCount",
            "service_namespace": "ecs",
            "step_scaling_policy_configuration": [],
            "target_tracking_scaling_policy_configuration": [
              {
                "customized_metric_specification": [],
                "disable_scale_in": false,
                "predefined_metric_specification": [
                  {
                    "predefined_metric_type": "ECSServiceAverageCPUUtilization",
                    "resource_label": ""
                  }
                ],
                "scale_in_cooldown": 10,
                "scale_out_cooldown": 60,
                "target_value": 50
              }
            ]
          },
          "sensitive_attributes": [],
          "private": "bnVsbA==",
          "dependencies": [
            "aws_appautoscaling_target.user",
            "aws_db_subnet_group.db_subnet_group",
            "aws_ecr_repository.user",
            "aws_ecs_cluster.user",
            "aws_ecs_service.user",
            "aws_ecs_task_definition.user",
            "aws_lb_target_group.user_tg",
            "aws_rds_cluster.georecord_db",
            "aws_security_group.allow_db",
            "aws_security_group.user",
            "data.aws_ecr_authorization_token.ecr_token",
            "data.aws_iam_role.lab",
            "data.aws_subnets.ecs_subnet",
            "data.aws_vpc.default",
            "docker_image.user",
            "docker_registry_image.user"
          ]
        }
      ]
    },
    {
      "mode": "managed",
      "type": "aws_appautoscaling_target",
      "name": "api",
      "provider": "provider[\"registry.terraform.io/hashicorp/aws\"]",
      "instances": [
        {
          "schema_version": 0,
          "attributes": {
            "arn": "arn:aws:application-autoscaling:us-east-1:637423386821:scalable-target/0ec59635af00630c4f228c47270dd8e7f1c2",
            "id": "service/georecord-api/georecord-api",
            "max_capacity": 4,
            "min_capacity": 1,
            "resource_id": "service/georecord-api/georecord-api",
            "role_arn": "arn:aws:iam::637423386821:role/aws-service-role/ecs.application-autoscaling.amazonaws.com/AWSServiceRoleForApplicationAutoScaling_ECSService",
            "scalable_dimension": "ecs:service:DesiredCount",
            "service_namespace": "ecs",
            "tags": {},
            "tags_all": {
              "Automation": "Terraform",
              "Course": "CSSE6400",
              "Name": "GeoRecord"
            }
          },
          "sensitive_attributes": [],
          "private": "bnVsbA==",
          "dependencies": [
            "aws_db_subnet_group.db_subnet_group",
            "aws_ecr_repository.api",
            "aws_ecs_cluster.api",
            "aws_ecs_service.api",
            "aws_ecs_task_definition.api",
            "aws_lb_target_group.api_tg",
            "aws_rds_cluster.georecord_db",
            "aws_security_group.allow_db",
            "aws_security_group.api",
            "data.aws_ecr_authorization_token.ecr_token",
            "data.aws_iam_role.lab",
            "data.aws_subnets.ecs_subnet",
            "data.aws_vpc.default",
            "docker_image.api",
            "docker_registry_image.api"
          ]
        }
      ]
    },
    {
      "mode": "managed",
      "type": "aws_appautoscaling_target",
      "name": "auth",
      "provider": "provider[\"registry.terraform.io/hashicorp/aws\"]",
      "instances": [
        {
          "schema_version": 0,
          "attributes": {
            "arn": "arn:aws:application-autoscaling:us-east-1:637423386821:scalable-target/0ec58450e4e8ef9f4d73b24278eacfe1d0d2",
            "id": "service/georecord-auth/georecord-auth",
            "max_capacity": 4,
            "min_capacity": 1,
            "resource_id": "service/georecord-auth/georecord-auth",
            "role_arn": "arn:aws:iam::637423386821:role/aws-service-role/ecs.application-autoscaling.amazonaws.com/AWSServiceRoleForApplicationAutoScaling_ECSService",
            "scalable_dimension": "ecs:service:DesiredCount",
            "service_namespace": "ecs",
            "tags": {},
            "tags_all": {
              "Automation": "Terraform",
              "Course": "CSSE6400",
              "Name": "GeoRecord"
            }
          },
          "sensitive_attributes": [],
          "private": "bnVsbA==",
          "dependencies": [
            "aws_db_subnet_group.db_subnet_group",
            "aws_ecr_repository.auth",
            "aws_ecs_cluster.auth",
            "aws_ecs_service.auth",
            "aws_ecs_task_definition.auth",
            "aws_lb_target_group.auth_tg",
            "aws_rds_cluster.georecord_db",
            "aws_security_group.allow_db",
            "aws_security_group.auth",
            "data.aws_ecr_authorization_token.ecr_token",
            "data.aws_iam_role.lab",
            "data.aws_subnets.ecs_subnet",
            "data.aws_vpc.default",
            "docker_image.auth",
            "docker_registry_image.auth"
          ]
        }
      ]
    },
    {
      "mode": "managed",
      "type": "aws_appautoscaling_target",
      "name": "frontend",
      "provider": "provider[\"registry.terraform.io/hashicorp/aws\"]",
      "instances": [
        {
          "schema_version": 0,
          "attributes": {
            "arn": "arn:aws:application-autoscaling:us-east-1:637423386821:scalable-target/0ec5d1b8ba97b79e4eb692e429ed2f70ea8a",
            "id": "service/georecord-frontend/georecord-frontend",
            "max_capacity": 4,
            "min_capacity": 1,
            "resource_id": "service/georecord-frontend/georecord-frontend",
            "role_arn": "arn:aws:iam::637423386821:role/aws-service-role/ecs.application-autoscaling.amazonaws.com/AWSServiceRoleForApplicationAutoScaling_ECSService",
            "scalable_dimension": "ecs:service:DesiredCount",
            "service_namespace": "ecs",
            "tags": {},
            "tags_all": {
              "Automation": "Terraform",
              "Course": "CSSE6400",
              "Name": "GeoRecord"
            }
          },
          "sensitive_attributes": [],
          "private": "bnVsbA==",
          "dependencies": [
            "aws_ecr_repository.frontend",
            "aws_ecs_cluster.frontend",
            "aws_ecs_service.frontend",
            "aws_ecs_task_definition.frontend",
            "aws_lb_target_group.frontend_tg",
            "aws_security_group.frontend",
            "data.aws_ecr_authorization_token.ecr_token",
            "data.aws_iam_role.lab",
            "data.aws_subnets.ecs_subnet",
            "data.aws_vpc.default",
            "docker_image.frontend",
            "docker_registry_image.frontend"
          ]
        }
      ]
    },
    {
      "mode": "managed",
      "type": "aws_appautoscaling_target",
      "name": "user",
      "provider": "provider[\"registry.terraform.io/hashicorp/aws\"]",
      "instances": [
        {
          "schema_version": 0,
          "attributes": {
            "arn": "arn:aws:application-autoscaling:us-east-1:637423386821:scalable-target/0ec5bfd8e7286cef408d94915e0ffe3a5376",
            "id": "service/georecord-user/georecord-user",
            "max_capacity": 4,
            "min_capacity": 1,
            "resource_id": "service/georecord-user/georecord-user",
            "role_arn": "arn:aws:iam::637423386821:role/aws-service-role/ecs.application-autoscaling.amazonaws.com/AWSServiceRoleForApplicationAutoScaling_ECSService",
            "scalable_dimension": "ecs:service:DesiredCount",
            "service_namespace": "ecs",
            "tags": null,
            "tags_all": {
              "Automation": "Terraform",
              "Course": "CSSE6400",
              "Name": "GeoRecord"
            }
          },
          "sensitive_attributes": [],
          "private": "bnVsbA==",
          "dependencies": [
            "aws_db_subnet_group.db_subnet_group",
            "aws_ecr_repository.user",
            "aws_ecs_cluster.user",
            "aws_ecs_service.user",
            "aws_ecs_task_definition.user",
            "aws_lb_target_group.user_tg",
            "aws_rds_cluster.georecord_db",
            "aws_security_group.allow_db",
            "aws_security_group.user",
            "data.aws_ecr_authorization_token.ecr_token",
            "data.aws_iam_role.lab",
            "data.aws_subnets.ecs_subnet",
            "data.aws_vpc.default",
            "docker_image.user",
            "docker_registry_image.user"
          ]
        }
      ]
    },
    {
      "mode": "managed",
      "type": "aws_cloudfront_cache_policy",
      "name": "georecord",
      "provider": "provider[\"registry.terraform.io/hashicorp/aws\"]",
      "instances": [
        {
          "schema_version": 0,
          "attributes": {
            "comment": "Policy with caching disabled",
            "default_ttl": 0,
            "etag": "E23ZP02F085DFQ",
            "id": "4135ea2d-6df8-44a3-9df3-4b5a84be39ad",
            "max_ttl": 0,
            "min_ttl": 0,
            "name": "Managed-CachingDisabled",
            "parameters_in_cache_key_and_forwarded_to_origin": [
              {
                "cookies_config": [
                  {
                    "cookie_behavior": "none",
                    "cookies": []
                  }
                ],
                "enable_accept_encoding_brotli": false,
                "enable_accept_encoding_gzip": false,
                "headers_config": [
                  {
                    "header_behavior": "none",
                    "headers": []
                  }
                ],
                "query_strings_config": [
                  {
                    "query_string_behavior": "none",
                    "query_strings": []
                  }
                ]
              }
            ]
          },
          "sensitive_attributes": [],
          "private": "eyJzY2hlbWFfdmVyc2lvbiI6IjAifQ=="
        }
      ]
    },
    {
      "mode": "managed",
      "type": "aws_cloudfront_distribution",
      "name": "georecord",
      "provider": "provider[\"registry.terraform.io/hashicorp/aws\"]",
      "instances": [
        {
          "schema_version": 1,
          "attributes": {
            "aliases": [],
            "arn": "arn:aws:cloudfront::637423386821:distribution/E24DSKD352EY3V",
            "caller_reference": "8fc16022-970f-40a4-880b-a0743ccde11c",
            "comment": "Georecord",
            "custom_error_response": [],
            "default_cache_behavior": [
              {
                "allowed_methods": [
                  "DELETE",
                  "GET",
                  "HEAD",
                  "OPTIONS",
                  "PATCH",
                  "POST",
                  "PUT"
                ],
                "cache_policy_id": "4135ea2d-6df8-44a3-9df3-4b5a84be39ad",
                "cached_methods": [
                  "GET",
                  "HEAD"
                ],
                "compress": true,
                "default_ttl": 0,
                "field_level_encryption_id": "",
                "forwarded_values": [],
                "function_association": [],
                "lambda_function_association": [],
                "max_ttl": 0,
                "min_ttl": 0,
                "origin_request_policy_id": "216adef6-5c7f-47e4-b989-5492eafa07d3",
                "realtime_log_config_arn": "",
                "response_headers_policy_id": "",
                "smooth_streaming": false,
                "target_origin_id": "georecord-131148961.us-east-1.elb.amazonaws.com",
                "trusted_key_groups": [],
                "trusted_signers": [],
                "viewer_protocol_policy": "allow-all"
              }
            ],
            "default_root_object": "",
            "domain_name": "d2rk6xqzz03yk4.cloudfront.net",
            "enabled": true,
            "etag": "E2EOTWIMX74X5T",
            "hosted_zone_id": "Z2FDTNDATAQYW2",
            "http_version": "http2",
            "id": "E24DSKD352EY3V",
            "in_progress_validation_batches": 0,
            "is_ipv6_enabled": true,
            "last_modified_time": "2024-05-29 10:45:23.83 +0000 UTC",
            "logging_config": [],
            "ordered_cache_behavior": [],
            "origin": [
              {
                "connection_attempts": 3,
                "connection_timeout": 10,
                "custom_header": [],
                "custom_origin_config": [
                  {
                    "http_port": 80,
                    "https_port": 443,
                    "origin_keepalive_timeout": 5,
                    "origin_protocol_policy": "http-only",
                    "origin_read_timeout": 30,
                    "origin_ssl_protocols": [
                      "SSLv3",
                      "TLSv1",
                      "TLSv1.1",
                      "TLSv1.2"
                    ]
                  }
                ],
                "domain_name": "georecord-131148961.us-east-1.elb.amazonaws.com",
                "origin_access_control_id": "",
                "origin_id": "georecord-131148961.us-east-1.elb.amazonaws.com",
                "origin_path": "",
                "origin_shield": [],
                "s3_origin_config": []
              }
            ],
            "origin_group": [],
            "price_class": "PriceClass_All",
            "restrictions": [
              {
                "geo_restriction": [
                  {
                    "locations": [],
                    "restriction_type": "none"
                  }
                ]
              }
            ],
            "retain_on_delete": false,
            "status": "Deployed",
            "tags": {},
            "tags_all": {
              "Automation": "Terraform",
              "Course": "CSSE6400",
              "Name": "GeoRecord"
            },
            "trusted_key_groups": [
              {
                "enabled": false,
                "items": []
              }
            ],
            "trusted_signers": [
              {
                "enabled": false,
                "items": []
              }
            ],
            "viewer_certificate": [
              {
                "acm_certificate_arn": "",
                "cloudfront_default_certificate": true,
                "iam_certificate_id": "",
                "minimum_protocol_version": "TLSv1",
                "ssl_support_method": ""
              }
            ],
            "wait_for_deployment": true,
            "web_acl_id": ""
          },
          "sensitive_attributes": [],
          "private": "eyJzY2hlbWFfdmVyc2lvbiI6IjEifQ==",
          "dependencies": [
            "aws_cloudfront_cache_policy.georecord",
            "aws_cloudfront_origin_request_policy.georecord",
            "aws_lb.georecord_lb",
            "aws_security_group.auth",
            "data.aws_subnets.ecs_subnet",
            "data.aws_vpc.default"
          ]
        }
      ]
    },
    {
      "mode": "managed",
      "type": "aws_cloudfront_origin_request_policy",
      "name": "georecord",
      "provider": "provider[\"registry.terraform.io/hashicorp/aws\"]",
      "instances": [
        {
          "schema_version": 0,
          "attributes": {
            "comment": "Policy to forward all parameters in viewer requests",
            "cookies_config": [
              {
                "cookie_behavior": "all",
                "cookies": []
              }
            ],
            "etag": "E23ZP02F085DFQ",
            "headers_config": [
              {
                "header_behavior": "allViewer",
                "headers": []
              }
            ],
            "id": "216adef6-5c7f-47e4-b989-5492eafa07d3",
            "name": "Managed-AllViewer",
            "query_strings_config": [
              {
                "query_string_behavior": "all",
                "query_strings": []
              }
            ]
          },
          "sensitive_attributes": [],
          "private": "eyJzY2hlbWFfdmVyc2lvbiI6IjAifQ=="
        }
      ]
    },
    {
      "mode": "managed",
      "type": "aws_db_subnet_group",
      "name": "db_subnet_group",
      "provider": "provider[\"registry.terraform.io/hashicorp/aws\"]",
      "instances": [
        {
          "schema_version": 0,
          "attributes": {
            "arn": "arn:aws:rds:us-east-1:637423386821:subgrp:db_subnet_group",
            "description": "Managed by Terraform",
            "id": "db_subnet_group",
            "name": "db_subnet_group",
            "name_prefix": "",
            "subnet_ids": [
              "subnet-00d35906f581d0450",
              "subnet-01e0172c9ced5ad2a",
              "subnet-02f77904c99e003f0",
              "subnet-07f2404b886199003",
              "subnet-09541d75c05bf0bcc",
              "subnet-0d8b9eb3e4d1ececd"
            ],
            "supported_network_types": [
              "IPV4"
            ],
            "tags": {},
            "tags_all": {
              "Automation": "Terraform",
              "Course": "CSSE6400",
              "Name": "GeoRecord"
            },
            "vpc_id": "vpc-09772bcded7dee7c3"
          },
          "sensitive_attributes": [],
          "private": "bnVsbA==",
          "dependencies": [
            "data.aws_subnets.ecs_subnet",
            "data.aws_vpc.default"
          ]
        }
      ]
    },
    {
      "mode": "managed",
      "type": "aws_ecr_repository",
      "name": "api",
      "provider": "provider[\"registry.terraform.io/hashicorp/aws\"]",
      "instances": [
        {
          "schema_version": 0,
          "attributes": {
            "arn": "arn:aws:ecr:us-east-1:637423386821:repository/georecord/api",
            "encryption_configuration": [
              {
                "encryption_type": "AES256",
                "kms_key": ""
              }
            ],
            "force_delete": null,
            "id": "georecord/api",
            "image_scanning_configuration": [
              {
                "scan_on_push": false
              }
            ],
            "image_tag_mutability": "MUTABLE",
            "name": "georecord/api",
            "registry_id": "637423386821",
            "repository_url": "637423386821.dkr.ecr.us-east-1.amazonaws.com/georecord/api",
            "tags": {},
            "tags_all": {
              "Automation": "Terraform",
              "Course": "CSSE6400",
              "Name": "GeoRecord"
            },
            "timeouts": null
          },
          "sensitive_attributes": [],
          "private": "eyJlMmJmYjczMC1lY2FhLTExZTYtOGY4OC0zNDM2M2JjN2M0YzAiOnsiZGVsZXRlIjoxMjAwMDAwMDAwMDAwfX0="
        }
      ]
    },
    {
      "mode": "managed",
      "type": "aws_ecr_repository",
      "name": "auth",
      "provider": "provider[\"registry.terraform.io/hashicorp/aws\"]",
      "instances": [
        {
          "schema_version": 0,
          "attributes": {
            "arn": "arn:aws:ecr:us-east-1:637423386821:repository/georecord/auth",
            "encryption_configuration": [
              {
                "encryption_type": "AES256",
                "kms_key": ""
              }
            ],
            "force_delete": null,
            "id": "georecord/auth",
            "image_scanning_configuration": [
              {
                "scan_on_push": false
              }
            ],
            "image_tag_mutability": "MUTABLE",
            "name": "georecord/auth",
            "registry_id": "637423386821",
            "repository_url": "637423386821.dkr.ecr.us-east-1.amazonaws.com/georecord/auth",
            "tags": {},
            "tags_all": {
              "Automation": "Terraform",
              "Course": "CSSE6400",
              "Name": "GeoRecord"
            },
            "timeouts": null
          },
          "sensitive_attributes": [],
          "private": "eyJlMmJmYjczMC1lY2FhLTExZTYtOGY4OC0zNDM2M2JjN2M0YzAiOnsiZGVsZXRlIjoxMjAwMDAwMDAwMDAwfX0="
        }
      ]
    },
    {
      "mode": "managed",
      "type": "aws_ecr_repository",
      "name": "frontend",
      "provider": "provider[\"registry.terraform.io/hashicorp/aws\"]",
      "instances": [
        {
          "schema_version": 0,
          "attributes": {
            "arn": "arn:aws:ecr:us-east-1:637423386821:repository/georecord/frontend",
            "encryption_configuration": [
              {
                "encryption_type": "AES256",
                "kms_key": ""
              }
            ],
            "force_delete": null,
            "id": "georecord/frontend",
            "image_scanning_configuration": [
              {
                "scan_on_push": false
              }
            ],
            "image_tag_mutability": "MUTABLE",
            "name": "georecord/frontend",
            "registry_id": "637423386821",
            "repository_url": "637423386821.dkr.ecr.us-east-1.amazonaws.com/georecord/frontend",
            "tags": {},
            "tags_all": {
              "Automation": "Terraform",
              "Course": "CSSE6400",
              "Name": "GeoRecord"
            },
            "timeouts": null
          },
          "sensitive_attributes": [],
          "private": "eyJlMmJmYjczMC1lY2FhLTExZTYtOGY4OC0zNDM2M2JjN2M0YzAiOnsiZGVsZXRlIjoxMjAwMDAwMDAwMDAwfX0="
        }
      ]
    },
    {
      "mode": "managed",
      "type": "aws_ecr_repository",
      "name": "user",
      "provider": "provider[\"registry.terraform.io/hashicorp/aws\"]",
      "instances": [
        {
          "schema_version": 0,
          "attributes": {
            "arn": "arn:aws:ecr:us-east-1:637423386821:repository/georecord/user",
            "encryption_configuration": [
              {
                "encryption_type": "AES256",
                "kms_key": ""
              }
            ],
            "force_delete": null,
            "id": "georecord/user",
            "image_scanning_configuration": [
              {
                "scan_on_push": false
              }
            ],
            "image_tag_mutability": "MUTABLE",
            "name": "georecord/user",
            "registry_id": "637423386821",
            "repository_url": "637423386821.dkr.ecr.us-east-1.amazonaws.com/georecord/user",
            "tags": null,
            "tags_all": {
              "Automation": "Terraform",
              "Course": "CSSE6400",
              "Name": "GeoRecord"
            },
            "timeouts": null
          },
          "sensitive_attributes": [],
          "private": "eyJlMmJmYjczMC1lY2FhLTExZTYtOGY4OC0zNDM2M2JjN2M0YzAiOnsiZGVsZXRlIjoxMjAwMDAwMDAwMDAwfX0="
        }
      ]
    },
    {
      "mode": "managed",
      "type": "aws_ecs_cluster",
      "name": "api",
      "provider": "provider[\"registry.terraform.io/hashicorp/aws\"]",
      "instances": [
        {
          "schema_version": 0,
          "attributes": {
            "arn": "arn:aws:ecs:us-east-1:637423386821:cluster/georecord-api",
            "capacity_providers": [],
            "configuration": [],
            "default_capacity_provider_strategy": [],
            "id": "arn:aws:ecs:us-east-1:637423386821:cluster/georecord-api",
            "name": "georecord-api",
            "service_connect_defaults": [],
            "setting": [
              {
                "name": "containerInsights",
                "value": "disabled"
              }
            ],
            "tags": {},
            "tags_all": {
              "Automation": "Terraform",
              "Course": "CSSE6400",
              "Name": "GeoRecord"
            }
          },
          "sensitive_attributes": [],
          "private": "bnVsbA=="
        }
      ]
    },
    {
      "mode": "managed",
      "type": "aws_ecs_cluster",
      "name": "auth",
      "provider": "provider[\"registry.terraform.io/hashicorp/aws\"]",
      "instances": [
        {
          "schema_version": 0,
          "attributes": {
            "arn": "arn:aws:ecs:us-east-1:637423386821:cluster/georecord-auth",
            "capacity_providers": [],
            "configuration": [],
            "default_capacity_provider_strategy": [],
            "id": "arn:aws:ecs:us-east-1:637423386821:cluster/georecord-auth",
            "name": "georecord-auth",
            "service_connect_defaults": [],
            "setting": [
              {
                "name": "containerInsights",
                "value": "disabled"
              }
            ],
            "tags": {},
            "tags_all": {
              "Automation": "Terraform",
              "Course": "CSSE6400",
              "Name": "GeoRecord"
            }
          },
          "sensitive_attributes": [],
          "private": "bnVsbA=="
        }
      ]
    },
    {
      "mode": "managed",
      "type": "aws_ecs_cluster",
      "name": "frontend",
      "provider": "provider[\"registry.terraform.io/hashicorp/aws\"]",
      "instances": [
        {
          "schema_version": 0,
          "attributes": {
            "arn": "arn:aws:ecs:us-east-1:637423386821:cluster/georecord-frontend",
            "capacity_providers": [],
            "configuration": [],
            "default_capacity_provider_strategy": [],
            "id": "arn:aws:ecs:us-east-1:637423386821:cluster/georecord-frontend",
            "name": "georecord-frontend",
            "service_connect_defaults": [],
            "setting": [
              {
                "name": "containerInsights",
                "value": "disabled"
              }
            ],
            "tags": {},
            "tags_all": {
              "Automation": "Terraform",
              "Course": "CSSE6400",
              "Name": "GeoRecord"
            }
          },
          "sensitive_attributes": [],
          "private": "bnVsbA=="
        }
      ]
    },
    {
      "mode": "managed",
      "type": "aws_ecs_cluster",
      "name": "user",
      "provider": "provider[\"registry.terraform.io/hashicorp/aws\"]",
      "instances": [
        {
          "schema_version": 0,
          "attributes": {
            "arn": "arn:aws:ecs:us-east-1:637423386821:cluster/georecord-user",
            "capacity_providers": [],
            "configuration": [],
            "default_capacity_provider_strategy": [],
            "id": "arn:aws:ecs:us-east-1:637423386821:cluster/georecord-user",
            "name": "georecord-user",
            "service_connect_defaults": [],
            "setting": [
              {
                "name": "containerInsights",
                "value": "disabled"
              }
            ],
            "tags": null,
            "tags_all": {
              "Automation": "Terraform",
              "Course": "CSSE6400",
              "Name": "GeoRecord"
            }
          },
          "sensitive_attributes": [],
          "private": "bnVsbA=="
        }
      ]
    },
    {
      "mode": "managed",
      "type": "aws_ecs_service",
      "name": "api",
      "provider": "provider[\"registry.terraform.io/hashicorp/aws\"]",
      "instances": [
        {
          "schema_version": 0,
          "attributes": {
            "alarms": [],
            "capacity_provider_strategy": [],
            "cluster": "arn:aws:ecs:us-east-1:637423386821:cluster/georecord-api",
            "deployment_circuit_breaker": [
              {
                "enable": false,
                "rollback": false
              }
            ],
            "deployment_controller": [
              {
                "type": "ECS"
              }
            ],
            "deployment_maximum_percent": 200,
            "deployment_minimum_healthy_percent": 100,
            "desired_count": 1,
            "enable_ecs_managed_tags": false,
            "enable_execute_command": false,
            "force_new_deployment": null,
            "health_check_grace_period_seconds": 0,
            "iam_role": "/aws-service-role/ecs.amazonaws.com/AWSServiceRoleForECS",
            "id": "arn:aws:ecs:us-east-1:637423386821:service/georecord-api/georecord-api",
            "launch_type": "FARGATE",
            "load_balancer": [
              {
                "container_name": "api",
                "container_port": 8080,
                "elb_name": "",
                "target_group_arn": "arn:aws:elasticloadbalancing:us-east-1:637423386821:targetgroup/api-tg/e1dbd233e44330b4"
              }
            ],
            "name": "georecord-api",
            "network_configuration": [
              {
                "assign_public_ip": true,
                "security_groups": [
                  "sg-01ac3c1c5e09549e6"
                ],
                "subnets": [
                  "subnet-00d35906f581d0450",
                  "subnet-01e0172c9ced5ad2a",
                  "subnet-02f77904c99e003f0",
                  "subnet-07f2404b886199003",
                  "subnet-09541d75c05bf0bcc",
                  "subnet-0d8b9eb3e4d1ececd"
                ]
              }
            ],
            "ordered_placement_strategy": [],
            "placement_constraints": [],
            "platform_version": "LATEST",
            "propagate_tags": "NONE",
            "scheduling_strategy": "REPLICA",
            "service_connect_configuration": [],
            "service_registries": [],
            "tags": {},
            "tags_all": {
              "Automation": "Terraform",
              "Course": "CSSE6400",
              "Name": "GeoRecord"
            },
            "task_definition": "arn:aws:ecs:us-east-1:637423386821:task-definition/georecord-api:5",
            "timeouts": null,
            "triggers": {},
            "wait_for_steady_state": false
          },
          "sensitive_attributes": [],
          "private": "eyJlMmJmYjczMC1lY2FhLTExZTYtOGY4OC0zNDM2M2JjN2M0YzAiOnsiY3JlYXRlIjoxMjAwMDAwMDAwMDAwLCJkZWxldGUiOjEyMDAwMDAwMDAwMDAsInVwZGF0ZSI6MTIwMDAwMDAwMDAwMH19",
          "dependencies": [
            "aws_db_subnet_group.db_subnet_group",
            "aws_ecr_repository.api",
            "aws_ecs_cluster.api",
            "aws_ecs_task_definition.api",
            "aws_lb_target_group.api_tg",
            "aws_rds_cluster.georecord_db",
            "aws_security_group.allow_db",
            "aws_security_group.api",
            "data.aws_ecr_authorization_token.ecr_token",
            "data.aws_iam_role.lab",
            "data.aws_subnets.ecs_subnet",
            "data.aws_vpc.default",
            "docker_image.api",
            "docker_registry_image.api"
          ]
        }
      ]
    },
    {
      "mode": "managed",
      "type": "aws_ecs_service",
      "name": "auth",
      "provider": "provider[\"registry.terraform.io/hashicorp/aws\"]",
      "instances": [
        {
          "schema_version": 0,
          "attributes": {
            "alarms": [],
            "capacity_provider_strategy": [],
            "cluster": "arn:aws:ecs:us-east-1:637423386821:cluster/georecord-auth",
            "deployment_circuit_breaker": [
              {
                "enable": false,
                "rollback": false
              }
            ],
            "deployment_controller": [
              {
                "type": "ECS"
              }
            ],
            "deployment_maximum_percent": 200,
            "deployment_minimum_healthy_percent": 100,
            "desired_count": 1,
            "enable_ecs_managed_tags": false,
            "enable_execute_command": false,
            "force_new_deployment": null,
            "health_check_grace_period_seconds": 0,
            "iam_role": "/aws-service-role/ecs.amazonaws.com/AWSServiceRoleForECS",
            "id": "arn:aws:ecs:us-east-1:637423386821:service/georecord-auth/georecord-auth",
            "launch_type": "FARGATE",
            "load_balancer": [
              {
                "container_name": "auth",
                "container_port": 8080,
                "elb_name": "",
                "target_group_arn": "arn:aws:elasticloadbalancing:us-east-1:637423386821:targetgroup/auth-tg/5e7e2e7a0e9afa86"
              }
            ],
            "name": "georecord-auth",
            "network_configuration": [
              {
                "assign_public_ip": true,
                "security_groups": [
                  "sg-030f6ec6b53292d1f"
                ],
                "subnets": [
                  "subnet-00d35906f581d0450",
                  "subnet-01e0172c9ced5ad2a",
                  "subnet-02f77904c99e003f0",
                  "subnet-07f2404b886199003",
                  "subnet-09541d75c05bf0bcc",
                  "subnet-0d8b9eb3e4d1ececd"
                ]
              }
            ],
            "ordered_placement_strategy": [],
            "placement_constraints": [],
            "platform_version": "LATEST",
            "propagate_tags": "NONE",
            "scheduling_strategy": "REPLICA",
            "service_connect_configuration": [],
            "service_registries": [],
            "tags": {},
            "tags_all": {
              "Automation": "Terraform",
              "Course": "CSSE6400",
              "Name": "GeoRecord"
            },
            "task_definition": "arn:aws:ecs:us-east-1:637423386821:task-definition/georecord-auth:8",
            "timeouts": null,
            "triggers": {},
            "wait_for_steady_state": false
          },
          "sensitive_attributes": [],
          "private": "eyJlMmJmYjczMC1lY2FhLTExZTYtOGY4OC0zNDM2M2JjN2M0YzAiOnsiY3JlYXRlIjoxMjAwMDAwMDAwMDAwLCJkZWxldGUiOjEyMDAwMDAwMDAwMDAsInVwZGF0ZSI6MTIwMDAwMDAwMDAwMH19",
          "dependencies": [
            "aws_db_subnet_group.db_subnet_group",
            "aws_ecr_repository.auth",
            "aws_ecs_cluster.auth",
            "aws_ecs_task_definition.auth",
            "aws_lb_target_group.auth_tg",
            "aws_rds_cluster.georecord_db",
            "aws_security_group.allow_db",
            "aws_security_group.auth",
            "data.aws_ecr_authorization_token.ecr_token",
            "data.aws_iam_role.lab",
            "data.aws_subnets.ecs_subnet",
            "data.aws_vpc.default",
            "docker_image.auth",
            "docker_registry_image.auth"
          ]
        }
      ]
    },
    {
      "mode": "managed",
      "type": "aws_ecs_service",
      "name": "frontend",
      "provider": "provider[\"registry.terraform.io/hashicorp/aws\"]",
      "instances": [
        {
          "schema_version": 0,
          "attributes": {
            "alarms": [],
            "capacity_provider_strategy": [],
            "cluster": "arn:aws:ecs:us-east-1:637423386821:cluster/georecord-frontend",
            "deployment_circuit_breaker": [
              {
                "enable": false,
                "rollback": false
              }
            ],
            "deployment_controller": [
              {
                "type": "ECS"
              }
            ],
            "deployment_maximum_percent": 200,
            "deployment_minimum_healthy_percent": 100,
            "desired_count": 1,
            "enable_ecs_managed_tags": false,
            "enable_execute_command": false,
            "force_new_deployment": null,
            "health_check_grace_period_seconds": 0,
            "iam_role": "/aws-service-role/ecs.amazonaws.com/AWSServiceRoleForECS",
            "id": "arn:aws:ecs:us-east-1:637423386821:service/georecord-frontend/georecord-frontend",
            "launch_type": "FARGATE",
            "load_balancer": [
              {
                "container_name": "frontend",
                "container_port": 8080,
                "elb_name": "",
                "target_group_arn": "arn:aws:elasticloadbalancing:us-east-1:637423386821:targetgroup/frontend-tg/ba6b1e4247d266a1"
              }
            ],
            "name": "georecord-frontend",
            "network_configuration": [
              {
                "assign_public_ip": true,
                "security_groups": [
                  "sg-06aa9fbc86f451a53"
                ],
                "subnets": [
                  "subnet-00d35906f581d0450",
                  "subnet-01e0172c9ced5ad2a",
                  "subnet-02f77904c99e003f0",
                  "subnet-07f2404b886199003",
                  "subnet-09541d75c05bf0bcc",
                  "subnet-0d8b9eb3e4d1ececd"
                ]
              }
            ],
            "ordered_placement_strategy": [],
            "placement_constraints": [],
            "platform_version": "LATEST",
            "propagate_tags": "NONE",
            "scheduling_strategy": "REPLICA",
            "service_connect_configuration": [],
            "service_registries": [],
            "tags": {},
            "tags_all": {
              "Automation": "Terraform",
              "Course": "CSSE6400",
              "Name": "GeoRecord"
            },
            "task_definition": "arn:aws:ecs:us-east-1:637423386821:task-definition/georecord-frontend:5",
            "timeouts": null,
            "triggers": {},
            "wait_for_steady_state": false
          },
          "sensitive_attributes": [],
          "private": "eyJlMmJmYjczMC1lY2FhLTExZTYtOGY4OC0zNDM2M2JjN2M0YzAiOnsiY3JlYXRlIjoxMjAwMDAwMDAwMDAwLCJkZWxldGUiOjEyMDAwMDAwMDAwMDAsInVwZGF0ZSI6MTIwMDAwMDAwMDAwMH19",
          "dependencies": [
            "aws_ecr_repository.frontend",
            "aws_ecs_cluster.frontend",
            "aws_ecs_task_definition.frontend",
            "aws_lb_target_group.frontend_tg",
            "aws_security_group.frontend",
            "data.aws_ecr_authorization_token.ecr_token",
            "data.aws_iam_role.lab",
            "data.aws_subnets.ecs_subnet",
            "data.aws_vpc.default",
            "docker_image.frontend",
            "docker_registry_image.frontend"
          ]
        }
      ]
    },
    {
      "mode": "managed",
      "type": "aws_ecs_service",
      "name": "user",
      "provider": "provider[\"registry.terraform.io/hashicorp/aws\"]",
      "instances": [
        {
          "schema_version": 0,
          "attributes": {
            "alarms": [],
            "capacity_provider_strategy": [],
            "cluster": "arn:aws:ecs:us-east-1:637423386821:cluster/georecord-user",
            "deployment_circuit_breaker": [
              {
                "enable": false,
                "rollback": false
              }
            ],
            "deployment_controller": [
              {
                "type": "ECS"
              }
            ],
            "deployment_maximum_percent": 200,
            "deployment_minimum_healthy_percent": 100,
            "desired_count": 1,
            "enable_ecs_managed_tags": false,
            "enable_execute_command": false,
            "force_new_deployment": null,
            "health_check_grace_period_seconds": 0,
            "iam_role": "/aws-service-role/ecs.amazonaws.com/AWSServiceRoleForECS",
            "id": "arn:aws:ecs:us-east-1:637423386821:service/georecord-user/georecord-user",
            "launch_type": "FARGATE",
            "load_balancer": [
              {
                "container_name": "user",
                "container_port": 8080,
                "elb_name": "",
                "target_group_arn": "arn:aws:elasticloadbalancing:us-east-1:637423386821:targetgroup/user-tg/4bebd43af77e2165"
              }
            ],
            "name": "georecord-user",
            "network_configuration": [
              {
                "assign_public_ip": true,
                "security_groups": [
                  "sg-020ed69b732281423"
                ],
                "subnets": [
                  "subnet-00d35906f581d0450",
                  "subnet-01e0172c9ced5ad2a",
                  "subnet-02f77904c99e003f0",
                  "subnet-07f2404b886199003",
                  "subnet-09541d75c05bf0bcc",
                  "subnet-0d8b9eb3e4d1ececd"
                ]
              }
            ],
            "ordered_placement_strategy": [],
            "placement_constraints": [],
            "platform_version": "LATEST",
            "propagate_tags": "NONE",
            "scheduling_strategy": "REPLICA",
            "service_connect_configuration": [],
            "service_registries": [],
            "tags": null,
            "tags_all": {
              "Automation": "Terraform",
              "Course": "CSSE6400",
              "Name": "GeoRecord"
            },
            "task_definition": "arn:aws:ecs:us-east-1:637423386821:task-definition/georecord-user:1",
            "timeouts": null,
            "triggers": {},
            "wait_for_steady_state": false
          },
          "sensitive_attributes": [],
          "private": "eyJlMmJmYjczMC1lY2FhLTExZTYtOGY4OC0zNDM2M2JjN2M0YzAiOnsiY3JlYXRlIjoxMjAwMDAwMDAwMDAwLCJkZWxldGUiOjEyMDAwMDAwMDAwMDAsInVwZGF0ZSI6MTIwMDAwMDAwMDAwMH19",
          "dependencies": [
            "aws_db_subnet_group.db_subnet_group",
            "aws_ecr_repository.user",
            "aws_ecs_cluster.user",
            "aws_ecs_task_definition.user",
            "aws_lb_target_group.user_tg",
            "aws_rds_cluster.georecord_db",
            "aws_security_group.allow_db",
            "aws_security_group.user",
            "data.aws_ecr_authorization_token.ecr_token",
            "data.aws_iam_role.lab",
            "data.aws_subnets.ecs_subnet",
            "data.aws_vpc.default",
            "docker_image.user",
            "docker_registry_image.user"
          ]
        }
      ]
    },
    {
      "mode": "managed",
      "type": "aws_ecs_task_definition",
      "name": "api",
      "provider": "provider[\"registry.terraform.io/hashicorp/aws\"]",
      "instances": [
        {
          "schema_version": 1,
          "attributes": {
            "arn": "arn:aws:ecs:us-east-1:637423386821:task-definition/georecord-api:5",
            "arn_without_revision": "arn:aws:ecs:us-east-1:637423386821:task-definition/georecord-api",
            "container_definitions": "[{\"cpu\":1024,\"environment\":[{\"name\":\"DATABASE_URL\",\"value\":\"postgresql://postgres:ThisIsATestPasswordPlzDontUseInProd@tf-20240527220750486400000001.cluster-c3swmgcw03az.us-east-1.rds.amazonaws.com/georecord\"}],\"essential\":true,\"image\":\"637423386821.dkr.ecr.us-east-1.amazonaws.com/georecord/api:latest\",\"logConfiguration\":{\"logDriver\":\"awslogs\",\"options\":{\"awslogs-create-group\":\"true\",\"awslogs-group\":\"/georecord/api\",\"awslogs-region\":\"us-east-1\",\"awslogs-stream-prefix\":\"ecs\"}},\"memory\":2048,\"mountPoints\":[],\"name\":\"api\",\"portMappings\":[{\"containerPort\":8080,\"hostPort\":8080,\"protocol\":\"tcp\"}],\"systemControls\":[],\"volumesFrom\":[]}]",
            "cpu": "1024",
            "ephemeral_storage": [],
            "execution_role_arn": "arn:aws:iam::637423386821:role/LabRole",
            "family": "georecord-api",
            "id": "georecord-api",
            "inference_accelerator": [],
            "ipc_mode": "",
            "memory": "2048",
            "network_mode": "awsvpc",
            "pid_mode": "",
            "placement_constraints": [],
            "proxy_configuration": [],
            "requires_compatibilities": [
              "FARGATE"
            ],
            "revision": 5,
            "runtime_platform": [
              {
                "cpu_architecture": "ARM64",
                "operating_system_family": "LINUX"
              }
            ],
            "skip_destroy": false,
            "tags": {},
            "tags_all": {
              "Automation": "Terraform",
              "Course": "CSSE6400",
              "Name": "GeoRecord"
            },
            "task_role_arn": "arn:aws:iam::637423386821:role/LabRole",
            "volume": []
          },
          "sensitive_attributes": [],
          "private": "eyJzY2hlbWFfdmVyc2lvbiI6IjEifQ==",
          "dependencies": [
            "aws_db_subnet_group.db_subnet_group",
            "aws_ecr_repository.api",
            "aws_rds_cluster.georecord_db",
            "aws_security_group.allow_db",
            "data.aws_ecr_authorization_token.ecr_token",
            "data.aws_iam_role.lab",
            "data.aws_subnets.ecs_subnet",
            "data.aws_vpc.default",
            "docker_image.api",
            "docker_registry_image.api"
          ]
        }
      ]
    },
    {
      "mode": "managed",
      "type": "aws_ecs_task_definition",
      "name": "auth",
      "provider": "provider[\"registry.terraform.io/hashicorp/aws\"]",
      "instances": [
        {
          "schema_version": 1,
          "attributes": {
            "arn": "arn:aws:ecs:us-east-1:637423386821:task-definition/georecord-auth:8",
            "arn_without_revision": "arn:aws:ecs:us-east-1:637423386821:task-definition/georecord-auth",
            "container_definitions": "[{\"cpu\":1024,\"environment\":[{\"name\":\"DATABASE_URL\",\"value\":\"postgresql://postgres:ThisIsATestPasswordPlzDontUseInProd@tf-20240527220750486400000001.cluster-c3swmgcw03az.us-east-1.rds.amazonaws.com/georecord\"}],\"essential\":true,\"image\":\"637423386821.dkr.ecr.us-east-1.amazonaws.com/georecord/auth:latest\",\"logConfiguration\":{\"logDriver\":\"awslogs\",\"options\":{\"awslogs-create-group\":\"true\",\"awslogs-group\":\"/georecord/api\",\"awslogs-region\":\"us-east-1\",\"awslogs-stream-prefix\":\"ecs\"}},\"memory\":2048,\"mountPoints\":[],\"name\":\"auth\",\"portMappings\":[{\"containerPort\":8080,\"hostPort\":8080,\"protocol\":\"tcp\"}],\"systemControls\":[],\"volumesFrom\":[]}]",
            "cpu": "1024",
            "ephemeral_storage": [],
            "execution_role_arn": "arn:aws:iam::637423386821:role/LabRole",
            "family": "georecord-auth",
            "id": "georecord-auth",
            "inference_accelerator": [],
            "ipc_mode": "",
            "memory": "2048",
            "network_mode": "awsvpc",
            "pid_mode": "",
            "placement_constraints": [],
            "proxy_configuration": [],
            "requires_compatibilities": [
              "FARGATE"
            ],
            "revision": 8,
            "runtime_platform": [
              {
                "cpu_architecture": "ARM64",
                "operating_system_family": "LINUX"
              }
            ],
            "skip_destroy": false,
            "tags": {},
            "tags_all": {
              "Automation": "Terraform",
              "Course": "CSSE6400",
              "Name": "GeoRecord"
            },
            "task_role_arn": "arn:aws:iam::637423386821:role/LabRole",
            "volume": []
          },
          "sensitive_attributes": [],
          "private": "eyJzY2hlbWFfdmVyc2lvbiI6IjEifQ==",
          "dependencies": [
            "aws_db_subnet_group.db_subnet_group",
            "aws_ecr_repository.auth",
            "aws_rds_cluster.georecord_db",
            "aws_security_group.allow_db",
            "data.aws_ecr_authorization_token.ecr_token",
            "data.aws_iam_role.lab",
            "data.aws_subnets.ecs_subnet",
            "data.aws_vpc.default",
            "docker_image.auth",
            "docker_registry_image.auth"
          ]
        }
      ]
    },
    {
      "mode": "managed",
      "type": "aws_ecs_task_definition",
      "name": "frontend",
      "provider": "provider[\"registry.terraform.io/hashicorp/aws\"]",
      "instances": [
        {
          "schema_version": 1,
          "attributes": {
            "arn": "arn:aws:ecs:us-east-1:637423386821:task-definition/georecord-frontend:5",
            "arn_without_revision": "arn:aws:ecs:us-east-1:637423386821:task-definition/georecord-frontend",
            "container_definitions": "[{\"cpu\":1024,\"environment\":[{\"name\":\"DATABASE_URL\",\"value\":\"\"}],\"essential\":true,\"image\":\"637423386821.dkr.ecr.us-east-1.amazonaws.com/georecord/frontend:latest\",\"logConfiguration\":{\"logDriver\":\"awslogs\",\"options\":{\"awslogs-create-group\":\"true\",\"awslogs-group\":\"/georecord/api\",\"awslogs-region\":\"us-east-1\",\"awslogs-stream-prefix\":\"ecs\"}},\"memory\":2048,\"mountPoints\":[],\"name\":\"frontend\",\"portMappings\":[{\"containerPort\":8080,\"hostPort\":8080,\"protocol\":\"tcp\"}],\"systemControls\":[],\"volumesFrom\":[]}]",
            "cpu": "1024",
            "ephemeral_storage": [],
            "execution_role_arn": "arn:aws:iam::637423386821:role/LabRole",
            "family": "georecord-frontend",
            "id": "georecord-frontend",
            "inference_accelerator": [],
            "ipc_mode": "",
            "memory": "2048",
            "network_mode": "awsvpc",
            "pid_mode": "",
            "placement_constraints": [],
            "proxy_configuration": [],
            "requires_compatibilities": [
              "FARGATE"
            ],
            "revision": 5,
            "runtime_platform": [
              {
                "cpu_architecture": "ARM64",
                "operating_system_family": "LINUX"
              }
            ],
            "skip_destroy": false,
            "tags": {},
            "tags_all": {
              "Automation": "Terraform",
              "Course": "CSSE6400",
              "Name": "GeoRecord"
            },
            "task_role_arn": "arn:aws:iam::637423386821:role/LabRole",
            "volume": []
          },
          "sensitive_attributes": [],
          "private": "eyJzY2hlbWFfdmVyc2lvbiI6IjEifQ==",
          "dependencies": [
            "aws_ecr_repository.frontend",
            "data.aws_ecr_authorization_token.ecr_token",
            "data.aws_iam_role.lab",
            "docker_image.frontend",
            "docker_registry_image.frontend"
          ]
        }
      ]
    },
    {
      "mode": "managed",
      "type": "aws_ecs_task_definition",
      "name": "user",
      "provider": "provider[\"registry.terraform.io/hashicorp/aws\"]",
      "instances": [
        {
          "schema_version": 1,
          "attributes": {
            "arn": "arn:aws:ecs:us-east-1:637423386821:task-definition/georecord-user:1",
            "arn_without_revision": "arn:aws:ecs:us-east-1:637423386821:task-definition/georecord-user",
            "container_definitions": "[{\"cpu\":1024,\"environment\":[{\"name\":\"DATABASE_URL\",\"value\":\"postgresql://postgres:ThisIsATestPasswordPlzDontUseInProd@tf-20240527220750486400000001.cluster-c3swmgcw03az.us-east-1.rds.amazonaws.com/georecord\"}],\"essential\":true,\"image\":\"637423386821.dkr.ecr.us-east-1.amazonaws.com/georecord/user:latest\",\"logConfiguration\":{\"logDriver\":\"awslogs\",\"options\":{\"awslogs-create-group\":\"true\",\"awslogs-group\":\"/georecord/api\",\"awslogs-region\":\"us-east-1\",\"awslogs-stream-prefix\":\"ecs\"}},\"memory\":2048,\"mountPoints\":[],\"name\":\"user\",\"portMappings\":[{\"containerPort\":8080,\"hostPort\":8080,\"protocol\":\"tcp\"}],\"systemControls\":[],\"volumesFrom\":[]}]",
            "cpu": "1024",
            "ephemeral_storage": [],
            "execution_role_arn": "arn:aws:iam::637423386821:role/LabRole",
            "family": "georecord-user",
            "id": "georecord-user",
            "inference_accelerator": [],
            "ipc_mode": "",
            "memory": "2048",
            "network_mode": "awsvpc",
            "pid_mode": "",
            "placement_constraints": [],
            "proxy_configuration": [],
            "requires_compatibilities": [
              "FARGATE"
            ],
            "revision": 1,
            "runtime_platform": [
              {
                "cpu_architecture": "ARM64",
                "operating_system_family": "LINUX"
              }
            ],
            "skip_destroy": false,
            "tags": null,
            "tags_all": {
              "Automation": "Terraform",
              "Course": "CSSE6400",
              "Name": "GeoRecord"
            },
            "task_role_arn": "arn:aws:iam::637423386821:role/LabRole",
            "volume": []
          },
          "sensitive_attributes": [],
          "private": "eyJzY2hlbWFfdmVyc2lvbiI6IjEifQ==",
          "dependencies": [
            "aws_db_subnet_group.db_subnet_group",
            "aws_ecr_repository.user",
            "aws_rds_cluster.georecord_db",
            "aws_security_group.allow_db",
            "data.aws_ecr_authorization_token.ecr_token",
            "data.aws_iam_role.lab",
            "data.aws_subnets.ecs_subnet",
            "data.aws_vpc.default",
            "docker_image.user",
            "docker_registry_image.user"
          ]
        }
      ]
    },
    {
      "mode": "managed",
      "type": "aws_lb",
      "name": "georecord_lb",
      "provider": "provider[\"registry.terraform.io/hashicorp/aws\"]",
      "instances": [
        {
          "schema_version": 0,
          "attributes": {
            "access_logs": [
              {
                "bucket": "",
                "enabled": false,
                "prefix": ""
              }
            ],
            "arn": "arn:aws:elasticloadbalancing:us-east-1:637423386821:loadbalancer/app/georecord/11046c4d5756a941",
            "arn_suffix": "app/georecord/11046c4d5756a941",
            "customer_owned_ipv4_pool": "",
            "desync_mitigation_mode": "defensive",
            "dns_name": "georecord-131148961.us-east-1.elb.amazonaws.com",
            "drop_invalid_header_fields": false,
            "enable_cross_zone_load_balancing": true,
            "enable_deletion_protection": false,
            "enable_http2": true,
            "enable_tls_version_and_cipher_suite_headers": false,
            "enable_waf_fail_open": false,
            "enable_xff_client_port": false,
            "id": "arn:aws:elasticloadbalancing:us-east-1:637423386821:loadbalancer/app/georecord/11046c4d5756a941",
            "idle_timeout": 60,
            "internal": false,
            "ip_address_type": "ipv4",
            "load_balancer_type": "application",
            "name": "georecord",
            "name_prefix": null,
            "preserve_host_header": false,
            "security_groups": [
              "sg-030f6ec6b53292d1f"
            ],
            "subnet_mapping": [
              {
                "allocation_id": "",
                "ipv6_address": "",
                "outpost_id": "",
                "private_ipv4_address": "",
                "subnet_id": "subnet-00d35906f581d0450"
              },
              {
                "allocation_id": "",
                "ipv6_address": "",
                "outpost_id": "",
                "private_ipv4_address": "",
                "subnet_id": "subnet-01e0172c9ced5ad2a"
              },
              {
                "allocation_id": "",
                "ipv6_address": "",
                "outpost_id": "",
                "private_ipv4_address": "",
                "subnet_id": "subnet-02f77904c99e003f0"
              },
              {
                "allocation_id": "",
                "ipv6_address": "",
                "outpost_id": "",
                "private_ipv4_address": "",
                "subnet_id": "subnet-07f2404b886199003"
              },
              {
                "allocation_id": "",
                "ipv6_address": "",
                "outpost_id": "",
                "private_ipv4_address": "",
                "subnet_id": "subnet-09541d75c05bf0bcc"
              },
              {
                "allocation_id": "",
                "ipv6_address": "",
                "outpost_id": "",
                "private_ipv4_address": "",
                "subnet_id": "subnet-0d8b9eb3e4d1ececd"
              }
            ],
            "subnets": [
              "subnet-00d35906f581d0450",
              "subnet-01e0172c9ced5ad2a",
              "subnet-02f77904c99e003f0",
              "subnet-07f2404b886199003",
              "subnet-09541d75c05bf0bcc",
              "subnet-0d8b9eb3e4d1ececd"
            ],
            "tags": {},
            "tags_all": {
              "Automation": "Terraform",
              "Course": "CSSE6400",
              "Name": "GeoRecord"
            },
            "timeouts": null,
            "vpc_id": "vpc-09772bcded7dee7c3",
            "xff_header_processing_mode": "append",
            "zone_id": "Z35SXDOTRQ7X7K"
          },
          "sensitive_attributes": [],
          "private": "eyJlMmJmYjczMC1lY2FhLTExZTYtOGY4OC0zNDM2M2JjN2M0YzAiOnsiY3JlYXRlIjo2MDAwMDAwMDAwMDAsImRlbGV0ZSI6NjAwMDAwMDAwMDAwLCJ1cGRhdGUiOjYwMDAwMDAwMDAwMH19",
          "dependencies": [
            "aws_security_group.auth",
            "data.aws_subnets.ecs_subnet",
            "data.aws_vpc.default"
          ]
        }
      ]
    },
    {
      "mode": "managed",
      "type": "aws_lb_listener",
      "name": "georecord_listener",
      "provider": "provider[\"registry.terraform.io/hashicorp/aws\"]",
      "instances": [
        {
          "schema_version": 0,
          "attributes": {
            "alpn_policy": null,
            "arn": "arn:aws:elasticloadbalancing:us-east-1:637423386821:listener/app/georecord/11046c4d5756a941/cc61ebe6d2f2c8d4",
            "certificate_arn": null,
            "default_action": [
              {
                "authenticate_cognito": [],
                "authenticate_oidc": [],
                "fixed_response": [
                  {
                    "content_type": "text/plain",
                    "message_body": "Fixed response content",
                    "status_code": "200"
                  }
                ],
                "forward": [],
                "order": 1,
                "redirect": [],
                "target_group_arn": "",
                "type": "fixed-response"
              }
            ],
            "id": "arn:aws:elasticloadbalancing:us-east-1:637423386821:listener/app/georecord/11046c4d5756a941/cc61ebe6d2f2c8d4",
            "load_balancer_arn": "arn:aws:elasticloadbalancing:us-east-1:637423386821:loadbalancer/app/georecord/11046c4d5756a941",
            "port": 80,
            "protocol": "HTTP",
            "ssl_policy": "",
            "tags": {},
            "tags_all": {
              "Automation": "Terraform",
              "Course": "CSSE6400",
              "Name": "GeoRecord"
            },
            "timeouts": null
          },
          "sensitive_attributes": [],
          "private": "eyJlMmJmYjczMC1lY2FhLTExZTYtOGY4OC0zNDM2M2JjN2M0YzAiOnsicmVhZCI6NjAwMDAwMDAwMDAwfX0=",
          "dependencies": [
            "aws_lb.georecord_lb",
            "aws_security_group.auth",
            "data.aws_subnets.ecs_subnet",
            "data.aws_vpc.default"
          ]
        }
      ]
    },
    {
      "mode": "managed",
      "type": "aws_lb_listener_rule",
      "name": "api_rule",
      "provider": "provider[\"registry.terraform.io/hashicorp/aws\"]",
      "instances": [
        {
          "schema_version": 0,
          "attributes": {
            "action": [
              {
                "authenticate_cognito": [],
                "authenticate_oidc": [],
                "fixed_response": [],
                "forward": [],
                "order": 1,
                "redirect": [],
                "target_group_arn": "arn:aws:elasticloadbalancing:us-east-1:637423386821:targetgroup/api-tg/e1dbd233e44330b4",
                "type": "forward"
              }
            ],
            "arn": "arn:aws:elasticloadbalancing:us-east-1:637423386821:listener-rule/app/georecord/11046c4d5756a941/cc61ebe6d2f2c8d4/9cc2b085a5a2e937",
            "condition": [
              {
                "host_header": [],
                "http_header": [],
                "http_request_method": [],
                "path_pattern": [
                  {
                    "values": [
                      "/api/v1/*"
                    ]
                  }
                ],
                "query_string": [],
                "source_ip": []
              }
            ],
            "id": "arn:aws:elasticloadbalancing:us-east-1:637423386821:listener-rule/app/georecord/11046c4d5756a941/cc61ebe6d2f2c8d4/9cc2b085a5a2e937",
            "listener_arn": "arn:aws:elasticloadbalancing:us-east-1:637423386821:listener/app/georecord/11046c4d5756a941/cc61ebe6d2f2c8d4",
            "priority": 300,
            "tags": {},
            "tags_all": {
              "Automation": "Terraform",
              "Course": "CSSE6400",
              "Name": "GeoRecord"
            }
          },
          "sensitive_attributes": [],
          "private": "bnVsbA==",
          "dependencies": [
            "aws_lb.georecord_lb",
            "aws_lb_listener.georecord_listener",
            "aws_lb_target_group.api_tg",
            "aws_security_group.auth",
            "data.aws_subnets.ecs_subnet",
            "data.aws_vpc.default"
          ]
        }
      ]
    },
    {
      "mode": "managed",
      "type": "aws_lb_listener_rule",
      "name": "auth_rule",
      "provider": "provider[\"registry.terraform.io/hashicorp/aws\"]",
      "instances": [
        {
          "schema_version": 0,
          "attributes": {
            "action": [
              {
                "authenticate_cognito": [],
                "authenticate_oidc": [],
                "fixed_response": [],
                "forward": [],
                "order": 1,
                "redirect": [],
                "target_group_arn": "arn:aws:elasticloadbalancing:us-east-1:637423386821:targetgroup/auth-tg/5e7e2e7a0e9afa86",
                "type": "forward"
              }
            ],
            "arn": "arn:aws:elasticloadbalancing:us-east-1:637423386821:listener-rule/app/georecord/11046c4d5756a941/cc61ebe6d2f2c8d4/a0e3cd2bb52fa095",
            "condition": [
              {
                "host_header": [],
                "http_header": [],
                "http_request_method": [],
                "path_pattern": [
                  {
                    "values": [
                      "/api/v1/auth/*"
                    ]
                  }
                ],
                "query_string": [],
                "source_ip": []
              }
            ],
            "id": "arn:aws:elasticloadbalancing:us-east-1:637423386821:listener-rule/app/georecord/11046c4d5756a941/cc61ebe6d2f2c8d4/a0e3cd2bb52fa095",
            "listener_arn": "arn:aws:elasticloadbalancing:us-east-1:637423386821:listener/app/georecord/11046c4d5756a941/cc61ebe6d2f2c8d4",
            "priority": 200,
            "tags": {},
            "tags_all": {
              "Automation": "Terraform",
              "Course": "CSSE6400",
              "Name": "GeoRecord"
            }
          },
          "sensitive_attributes": [],
          "private": "bnVsbA==",
          "dependencies": [
            "aws_lb.georecord_lb",
            "aws_lb_listener.georecord_listener",
            "aws_lb_target_group.auth_tg",
            "aws_security_group.auth",
            "data.aws_subnets.ecs_subnet",
            "data.aws_vpc.default"
          ]
        }
      ]
    },
    {
      "mode": "managed",
      "type": "aws_lb_listener_rule",
      "name": "frontend_rule",
      "provider": "provider[\"registry.terraform.io/hashicorp/aws\"]",
      "instances": [
        {
          "schema_version": 0,
          "attributes": {
            "action": [
              {
                "authenticate_cognito": [],
                "authenticate_oidc": [],
                "fixed_response": [],
                "forward": [],
                "order": 1,
                "redirect": [],
                "target_group_arn": "arn:aws:elasticloadbalancing:us-east-1:637423386821:targetgroup/frontend-tg/ba6b1e4247d266a1",
                "type": "forward"
              }
            ],
            "arn": "arn:aws:elasticloadbalancing:us-east-1:637423386821:listener-rule/app/georecord/11046c4d5756a941/cc61ebe6d2f2c8d4/e73c65ba4605a125",
            "condition": [
              {
                "host_header": [],
                "http_header": [],
                "http_request_method": [],
                "path_pattern": [
                  {
                    "values": [
                      "*"
                    ]
                  }
                ],
                "query_string": [],
                "source_ip": []
              }
            ],
            "id": "arn:aws:elasticloadbalancing:us-east-1:637423386821:listener-rule/app/georecord/11046c4d5756a941/cc61ebe6d2f2c8d4/e73c65ba4605a125",
            "listener_arn": "arn:aws:elasticloadbalancing:us-east-1:637423386821:listener/app/georecord/11046c4d5756a941/cc61ebe6d2f2c8d4",
            "priority": 400,
            "tags": {},
            "tags_all": {
              "Automation": "Terraform",
              "Course": "CSSE6400",
              "Name": "GeoRecord"
            }
          },
          "sensitive_attributes": [],
          "private": "bnVsbA==",
          "dependencies": [
            "aws_lb.georecord_lb",
            "aws_lb_listener.georecord_listener",
            "aws_lb_target_group.frontend_tg",
            "aws_security_group.auth",
            "data.aws_subnets.ecs_subnet",
            "data.aws_vpc.default"
          ]
        }
      ]
    },
    {
      "mode": "managed",
      "type": "aws_lb_listener_rule",
      "name": "user_rule",
      "provider": "provider[\"registry.terraform.io/hashicorp/aws\"]",
      "instances": [
        {
          "schema_version": 0,
          "attributes": {
            "action": [
              {
                "authenticate_cognito": [],
                "authenticate_oidc": [],
                "fixed_response": [],
                "forward": [],
                "order": 1,
                "redirect": [],
                "target_group_arn": "arn:aws:elasticloadbalancing:us-east-1:637423386821:targetgroup/user-tg/4bebd43af77e2165",
                "type": "forward"
              }
            ],
            "arn": "arn:aws:elasticloadbalancing:us-east-1:637423386821:listener-rule/app/georecord/11046c4d5756a941/cc61ebe6d2f2c8d4/93a875dfa5f3278f",
            "condition": [
              {
                "host_header": [],
                "http_header": [],
                "http_request_method": [],
                "path_pattern": [
                  {
                    "values": [
                      "/api/v1/user/*"
                    ]
                  }
                ],
                "query_string": [],
                "source_ip": []
              }
            ],
            "id": "arn:aws:elasticloadbalancing:us-east-1:637423386821:listener-rule/app/georecord/11046c4d5756a941/cc61ebe6d2f2c8d4/93a875dfa5f3278f",
            "listener_arn": "arn:aws:elasticloadbalancing:us-east-1:637423386821:listener/app/georecord/11046c4d5756a941/cc61ebe6d2f2c8d4",
            "priority": 201,
            "tags": null,
            "tags_all": {
              "Automation": "Terraform",
              "Course": "CSSE6400",
              "Name": "GeoRecord"
            }
          },
          "sensitive_attributes": [],
          "private": "bnVsbA==",
          "dependencies": [
            "aws_lb.georecord_lb",
            "aws_lb_listener.georecord_listener",
            "aws_lb_target_group.user_tg",
            "aws_security_group.auth",
            "data.aws_subnets.ecs_subnet",
            "data.aws_vpc.default"
          ]
        }
      ]
    },
    {
      "mode": "managed",
      "type": "aws_lb_target_group",
      "name": "api_tg",
      "provider": "provider[\"registry.terraform.io/hashicorp/aws\"]",
      "instances": [
        {
          "schema_version": 0,
          "attributes": {
            "arn": "arn:aws:elasticloadbalancing:us-east-1:637423386821:targetgroup/api-tg/e1dbd233e44330b4",
            "arn_suffix": "targetgroup/api-tg/e1dbd233e44330b4",
            "connection_termination": false,
            "deregistration_delay": "300",
            "health_check": [
              {
                "enabled": true,
                "healthy_threshold": 2,
                "interval": 30,
                "matcher": "403",
                "path": "/",
                "port": "traffic-port",
                "protocol": "HTTP",
                "timeout": 5,
                "unhealthy_threshold": 2
              }
            ],
            "id": "arn:aws:elasticloadbalancing:us-east-1:637423386821:targetgroup/api-tg/e1dbd233e44330b4",
            "ip_address_type": "ipv4",
            "lambda_multi_value_headers_enabled": false,
            "load_balancing_algorithm_type": "round_robin",
            "load_balancing_cross_zone_enabled": "use_load_balancer_configuration",
            "name": "api-tg",
            "name_prefix": null,
            "port": 8080,
            "preserve_client_ip": null,
            "protocol": "HTTP",
            "protocol_version": "HTTP1",
            "proxy_protocol_v2": false,
            "slow_start": 0,
            "stickiness": [
              {
                "cookie_duration": 86400,
                "cookie_name": "",
                "enabled": false,
                "type": "lb_cookie"
              }
            ],
            "tags": {},
            "tags_all": {
              "Automation": "Terraform",
              "Course": "CSSE6400",
              "Name": "GeoRecord"
            },
            "target_failover": [
              {
                "on_deregistration": null,
                "on_unhealthy": null
              }
            ],
            "target_type": "ip",
            "vpc_id": "vpc-09772bcded7dee7c3"
          },
          "sensitive_attributes": [],
          "private": "bnVsbA==",
          "dependencies": [
            "data.aws_vpc.default"
          ]
        }
      ]
    },
    {
      "mode": "managed",
      "type": "aws_lb_target_group",
      "name": "auth_tg",
      "provider": "provider[\"registry.terraform.io/hashicorp/aws\"]",
      "instances": [
        {
          "schema_version": 0,
          "attributes": {
            "arn": "arn:aws:elasticloadbalancing:us-east-1:637423386821:targetgroup/auth-tg/5e7e2e7a0e9afa86",
            "arn_suffix": "targetgroup/auth-tg/5e7e2e7a0e9afa86",
            "connection_termination": false,
            "deregistration_delay": "300",
            "health_check": [
              {
                "enabled": true,
                "healthy_threshold": 2,
                "interval": 30,
                "matcher": "404",
                "path": "/",
                "port": "traffic-port",
                "protocol": "HTTP",
                "timeout": 5,
                "unhealthy_threshold": 2
              }
            ],
            "id": "arn:aws:elasticloadbalancing:us-east-1:637423386821:targetgroup/auth-tg/5e7e2e7a0e9afa86",
            "ip_address_type": "ipv4",
            "lambda_multi_value_headers_enabled": false,
            "load_balancing_algorithm_type": "round_robin",
            "load_balancing_cross_zone_enabled": "use_load_balancer_configuration",
            "name": "auth-tg",
            "name_prefix": null,
            "port": 8080,
            "preserve_client_ip": null,
            "protocol": "HTTP",
            "protocol_version": "HTTP1",
            "proxy_protocol_v2": false,
            "slow_start": 0,
            "stickiness": [
              {
                "cookie_duration": 86400,
                "cookie_name": "",
                "enabled": false,
                "type": "lb_cookie"
              }
            ],
            "tags": {},
            "tags_all": {
              "Automation": "Terraform",
              "Course": "CSSE6400",
              "Name": "GeoRecord"
            },
            "target_failover": [
              {
                "on_deregistration": null,
                "on_unhealthy": null
              }
            ],
            "target_type": "ip",
            "vpc_id": "vpc-09772bcded7dee7c3"
          },
          "sensitive_attributes": [],
          "private": "bnVsbA==",
          "dependencies": [
            "data.aws_vpc.default"
          ]
        }
      ]
    },
    {
      "mode": "managed",
      "type": "aws_lb_target_group",
      "name": "frontend_tg",
      "provider": "provider[\"registry.terraform.io/hashicorp/aws\"]",
      "instances": [
        {
          "schema_version": 0,
          "attributes": {
            "arn": "arn:aws:elasticloadbalancing:us-east-1:637423386821:targetgroup/frontend-tg/ba6b1e4247d266a1",
            "arn_suffix": "targetgroup/frontend-tg/ba6b1e4247d266a1",
            "connection_termination": false,
            "deregistration_delay": "300",
            "health_check": [
              {
                "enabled": true,
                "healthy_threshold": 2,
                "interval": 30,
                "matcher": "403",
                "path": "/",
                "port": "traffic-port",
                "protocol": "HTTP",
                "timeout": 5,
                "unhealthy_threshold": 2
              }
            ],
            "id": "arn:aws:elasticloadbalancing:us-east-1:637423386821:targetgroup/frontend-tg/ba6b1e4247d266a1",
            "ip_address_type": "ipv4",
            "lambda_multi_value_headers_enabled": false,
            "load_balancing_algorithm_type": "round_robin",
            "load_balancing_cross_zone_enabled": "use_load_balancer_configuration",
            "name": "frontend-tg",
            "name_prefix": null,
            "port": 8080,
            "preserve_client_ip": null,
            "protocol": "HTTP",
            "protocol_version": "HTTP1",
            "proxy_protocol_v2": false,
            "slow_start": 0,
            "stickiness": [
              {
                "cookie_duration": 86400,
                "cookie_name": "",
                "enabled": false,
                "type": "lb_cookie"
              }
            ],
            "tags": {},
            "tags_all": {
              "Automation": "Terraform",
              "Course": "CSSE6400",
              "Name": "GeoRecord"
            },
            "target_failover": [
              {
                "on_deregistration": null,
                "on_unhealthy": null
              }
            ],
            "target_type": "ip",
            "vpc_id": "vpc-09772bcded7dee7c3"
          },
          "sensitive_attributes": [],
          "private": "bnVsbA==",
          "dependencies": [
            "data.aws_vpc.default"
          ]
        }
      ]
    },
    {
      "mode": "managed",
      "type": "aws_lb_target_group",
      "name": "user_tg",
      "provider": "provider[\"registry.terraform.io/hashicorp/aws\"]",
      "instances": [
        {
          "schema_version": 0,
          "attributes": {
            "arn": "arn:aws:elasticloadbalancing:us-east-1:637423386821:targetgroup/user-tg/4bebd43af77e2165",
            "arn_suffix": "targetgroup/user-tg/4bebd43af77e2165",
            "connection_termination": false,
            "deregistration_delay": "300",
            "health_check": [
              {
                "enabled": true,
                "healthy_threshold": 2,
                "interval": 30,
                "matcher": "403",
                "path": "/",
                "port": "traffic-port",
                "protocol": "HTTP",
                "timeout": 5,
                "unhealthy_threshold": 2
              }
            ],
            "id": "arn:aws:elasticloadbalancing:us-east-1:637423386821:targetgroup/user-tg/4bebd43af77e2165",
            "ip_address_type": "ipv4",
            "lambda_multi_value_headers_enabled": false,
            "load_balancing_algorithm_type": "round_robin",
            "load_balancing_cross_zone_enabled": "use_load_balancer_configuration",
            "name": "user-tg",
            "name_prefix": null,
            "port": 8080,
            "preserve_client_ip": null,
            "protocol": "HTTP",
            "protocol_version": "HTTP1",
            "proxy_protocol_v2": false,
            "slow_start": 0,
            "stickiness": [
              {
                "cookie_duration": 86400,
                "cookie_name": "",
                "enabled": false,
                "type": "lb_cookie"
              }
            ],
            "tags": null,
            "tags_all": {
              "Automation": "Terraform",
              "Course": "CSSE6400",
              "Name": "GeoRecord"
            },
            "target_failover": [
              {
                "on_deregistration": null,
                "on_unhealthy": null
              }
            ],
            "target_type": "ip",
            "vpc_id": "vpc-09772bcded7dee7c3"
          },
          "sensitive_attributes": [],
          "private": "bnVsbA==",
          "dependencies": [
            "data.aws_vpc.default"
          ]
        }
      ]
    },
    {
      "mode": "managed",
      "type": "aws_rds_cluster",
      "name": "georecord_db",
      "provider": "provider[\"registry.terraform.io/hashicorp/aws\"]",
      "instances": [
        {
          "schema_version": 0,
          "attributes": {
            "allocated_storage": 1,
            "allow_major_version_upgrade": null,
            "apply_immediately": true,
            "arn": "arn:aws:rds:us-east-1:637423386821:cluster:tf-20240527220750486400000001",
            "availability_zones": [
              "us-east-1a",
              "us-east-1c",
              "us-east-1d"
            ],
            "backtrack_window": 0,
            "backup_retention_period": 1,
            "cluster_identifier": "tf-20240527220750486400000001",
            "cluster_identifier_prefix": null,
            "cluster_members": [
              "georecorddb"
            ],
            "cluster_resource_id": "cluster-NR22E62KE5UW4MP7C2XIISX2FU",
            "copy_tags_to_snapshot": false,
            "database_name": null,
            "db_cluster_instance_class": "",
            "db_cluster_parameter_group_name": "default.aurora-postgresql15",
            "db_instance_parameter_group_name": null,
            "db_subnet_group_name": "db_subnet_group",
            "deletion_protection": false,
            "enable_global_write_forwarding": false,
            "enable_http_endpoint": false,
            "enabled_cloudwatch_logs_exports": [],
            "endpoint": "tf-20240527220750486400000001.cluster-c3swmgcw03az.us-east-1.rds.amazonaws.com",
            "engine": "aurora-postgresql",
            "engine_mode": "provisioned",
            "engine_version": "15.4",
            "engine_version_actual": "15.4",
            "final_snapshot_identifier": null,
            "global_cluster_identifier": "",
            "hosted_zone_id": "Z2R2ITUGPM61AM",
            "iam_database_authentication_enabled": false,
            "iam_roles": [],
            "id": "tf-20240527220750486400000001",
            "iops": 0,
            "kms_key_id": "",
            "manage_master_user_password": null,
            "master_password": "ThisIsATestPasswordPlzDontUseInProd",
            "master_user_secret": [],
            "master_user_secret_kms_key_id": null,
            "master_username": "postgres",
            "network_type": "IPV4",
            "port": 5432,
            "preferred_backup_window": "09:15-09:45",
            "preferred_maintenance_window": "tue:07:09-tue:07:39",
            "reader_endpoint": "tf-20240527220750486400000001.cluster-ro-c3swmgcw03az.us-east-1.rds.amazonaws.com",
            "replication_source_identifier": "",
            "restore_to_point_in_time": [],
            "s3_import": [],
            "scaling_configuration": [],
            "serverlessv2_scaling_configuration": [],
            "skip_final_snapshot": true,
            "snapshot_identifier": null,
            "source_region": null,
            "storage_encrypted": false,
            "storage_type": "",
            "tags": {},
            "tags_all": {
              "Automation": "Terraform",
              "Course": "CSSE6400",
              "Name": "GeoRecord"
            },
            "timeouts": null,
            "vpc_security_group_ids": [
              "sg-098bfc65acf159571"
            ]
          },
          "sensitive_attributes": [],
          "private": "eyJlMmJmYjczMC1lY2FhLTExZTYtOGY4OC0zNDM2M2JjN2M0YzAiOnsiY3JlYXRlIjo3MjAwMDAwMDAwMDAwLCJkZWxldGUiOjcyMDAwMDAwMDAwMDAsInVwZGF0ZSI6NzIwMDAwMDAwMDAwMH19",
          "dependencies": [
            "aws_db_subnet_group.db_subnet_group",
            "aws_security_group.allow_db",
            "data.aws_subnets.ecs_subnet",
            "data.aws_vpc.default"
          ]
        }
      ]
    },
    {
      "mode": "managed",
      "type": "aws_rds_cluster_instance",
      "name": "cluster_instances",
      "provider": "provider[\"registry.terraform.io/hashicorp/aws\"]",
      "instances": [
        {
          "index_key": 0,
          "schema_version": 0,
          "attributes": {
            "apply_immediately": null,
            "arn": "arn:aws:rds:us-east-1:637423386821:db:georecorddb",
            "auto_minor_version_upgrade": true,
            "availability_zone": "us-east-1c",
            "ca_cert_identifier": "rds-ca-rsa2048-g1",
            "cluster_identifier": "tf-20240527220750486400000001",
            "copy_tags_to_snapshot": false,
            "db_parameter_group_name": "default.aurora-postgresql15",
            "db_subnet_group_name": "db_subnet_group",
            "dbi_resource_id": "db-VLIIJNECUMCJM6AYPNM7S2NCBM",
            "endpoint": "georecorddb.c3swmgcw03az.us-east-1.rds.amazonaws.com",
            "engine": "aurora-postgresql",
            "engine_version": "15.4",
            "engine_version_actual": "15.4",
            "id": "georecorddb",
            "identifier": "georecorddb",
            "identifier_prefix": null,
            "instance_class": "db.t4g.medium",
            "kms_key_id": "",
            "monitoring_interval": 0,
            "monitoring_role_arn": "",
            "network_type": "IPV4",
            "performance_insights_enabled": false,
            "performance_insights_kms_key_id": "",
            "performance_insights_retention_period": 0,
            "port": 5432,
            "preferred_backup_window": "09:15-09:45",
            "preferred_maintenance_window": "sun:06:01-sun:06:31",
            "promotion_tier": 0,
            "publicly_accessible": true,
            "storage_encrypted": false,
            "tags": {},
            "tags_all": {
              "Automation": "Terraform",
              "Course": "CSSE6400",
              "Name": "GeoRecord"
            },
            "timeouts": null,
            "writer": true
          },
          "sensitive_attributes": [],
          "private": "eyJlMmJmYjczMC1lY2FhLTExZTYtOGY4OC0zNDM2M2JjN2M0YzAiOnsiY3JlYXRlIjo1NDAwMDAwMDAwMDAwLCJkZWxldGUiOjU0MDAwMDAwMDAwMDAsInVwZGF0ZSI6NTQwMDAwMDAwMDAwMH19",
          "dependencies": [
            "aws_db_subnet_group.db_subnet_group",
            "aws_rds_cluster.georecord_db",
            "aws_security_group.allow_db",
            "data.aws_subnets.ecs_subnet",
            "data.aws_vpc.default"
          ]
        }
      ]
    },
    {
      "mode": "managed",
      "type": "aws_security_group",
      "name": "allow_db",
      "provider": "provider[\"registry.terraform.io/hashicorp/aws\"]",
      "instances": [
        {
          "schema_version": 1,
          "attributes": {
            "arn": "arn:aws:ec2:us-east-1:637423386821:security-group/sg-098bfc65acf159571",
            "description": "Allow internal access to the RDS instance",
            "egress": [],
            "id": "sg-098bfc65acf159571",
            "ingress": [
              {
                "cidr_blocks": [
                  "0.0.0.0/0"
                ],
                "description": "",
                "from_port": 5432,
                "ipv6_cidr_blocks": [],
                "prefix_list_ids": [],
                "protocol": "tcp",
                "security_groups": [],
                "self": false,
                "to_port": 5432
              }
            ],
            "name": "allow_db",
            "name_prefix": "",
            "owner_id": "637423386821",
            "revoke_rules_on_delete": false,
            "tags": {},
            "tags_all": {
              "Automation": "Terraform",
              "Course": "CSSE6400",
              "Name": "GeoRecord"
            },
            "timeouts": null,
            "vpc_id": "vpc-09772bcded7dee7c3"
          },
          "sensitive_attributes": [],
          "private": "eyJlMmJmYjczMC1lY2FhLTExZTYtOGY4OC0zNDM2M2JjN2M0YzAiOnsiY3JlYXRlIjo2MDAwMDAwMDAwMDAsImRlbGV0ZSI6OTAwMDAwMDAwMDAwfSwic2NoZW1hX3ZlcnNpb24iOiIxIn0=",
          "dependencies": [
            "data.aws_vpc.default"
          ]
        }
      ]
    },
    {
      "mode": "managed",
      "type": "aws_security_group",
      "name": "api",
      "provider": "provider[\"registry.terraform.io/hashicorp/aws\"]",
      "instances": [
        {
          "schema_version": 1,
          "attributes": {
            "arn": "arn:aws:ec2:us-east-1:637423386821:security-group/sg-01ac3c1c5e09549e6",
            "description": "api microservice Security Group",
            "egress": [
              {
                "cidr_blocks": [
                  "0.0.0.0/0"
                ],
                "description": "",
                "from_port": 0,
                "ipv6_cidr_blocks": [],
                "prefix_list_ids": [],
                "protocol": "-1",
                "security_groups": [],
                "self": false,
                "to_port": 0
              }
            ],
            "id": "sg-01ac3c1c5e09549e6",
            "ingress": [
              {
                "cidr_blocks": [
                  "0.0.0.0/0"
                ],
                "description": "",
                "from_port": 0,
                "ipv6_cidr_blocks": [],
                "prefix_list_ids": [],
                "protocol": "-1",
                "security_groups": [],
                "self": false,
                "to_port": 0
              }
            ],
            "name": "api",
            "name_prefix": "",
            "owner_id": "637423386821",
            "revoke_rules_on_delete": false,
            "tags": {},
            "tags_all": {
              "Automation": "Terraform",
              "Course": "CSSE6400",
              "Name": "GeoRecord"
            },
            "timeouts": null,
            "vpc_id": "vpc-09772bcded7dee7c3"
          },
          "sensitive_attributes": [],
          "private": "eyJlMmJmYjczMC1lY2FhLTExZTYtOGY4OC0zNDM2M2JjN2M0YzAiOnsiY3JlYXRlIjo2MDAwMDAwMDAwMDAsImRlbGV0ZSI6OTAwMDAwMDAwMDAwfSwic2NoZW1hX3ZlcnNpb24iOiIxIn0=",
          "dependencies": [
            "data.aws_vpc.default"
          ]
        }
      ]
    },
    {
      "mode": "managed",
      "type": "aws_security_group",
      "name": "auth",
      "provider": "provider[\"registry.terraform.io/hashicorp/aws\"]",
      "instances": [
        {
          "schema_version": 1,
          "attributes": {
            "arn": "arn:aws:ec2:us-east-1:637423386821:security-group/sg-030f6ec6b53292d1f",
            "description": "Auth microservice Security Group",
            "egress": [
              {
                "cidr_blocks": [
                  "0.0.0.0/0"
                ],
                "description": "",
                "from_port": 0,
                "ipv6_cidr_blocks": [],
                "prefix_list_ids": [],
                "protocol": "-1",
                "security_groups": [],
                "self": false,
                "to_port": 0
              }
            ],
            "id": "sg-030f6ec6b53292d1f",
            "ingress": [
              {
                "cidr_blocks": [
                  "0.0.0.0/0"
                ],
                "description": "",
                "from_port": 0,
                "ipv6_cidr_blocks": [],
                "prefix_list_ids": [],
                "protocol": "-1",
                "security_groups": [],
                "self": false,
                "to_port": 0
              }
            ],
            "name": "auth",
            "name_prefix": "",
            "owner_id": "637423386821",
            "revoke_rules_on_delete": false,
            "tags": {},
            "tags_all": {
              "Automation": "Terraform",
              "Course": "CSSE6400",
              "Name": "GeoRecord"
            },
            "timeouts": null,
            "vpc_id": "vpc-09772bcded7dee7c3"
          },
          "sensitive_attributes": [],
          "private": "eyJlMmJmYjczMC1lY2FhLTExZTYtOGY4OC0zNDM2M2JjN2M0YzAiOnsiY3JlYXRlIjo2MDAwMDAwMDAwMDAsImRlbGV0ZSI6OTAwMDAwMDAwMDAwfSwic2NoZW1hX3ZlcnNpb24iOiIxIn0=",
          "dependencies": [
            "data.aws_vpc.default"
          ]
        }
      ]
    },
    {
      "mode": "managed",
      "type": "aws_security_group",
      "name": "frontend",
      "provider": "provider[\"registry.terraform.io/hashicorp/aws\"]",
      "instances": [
        {
          "schema_version": 1,
          "attributes": {
            "arn": "arn:aws:ec2:us-east-1:637423386821:security-group/sg-06aa9fbc86f451a53",
            "description": "frontend microservice Security Group",
            "egress": [
              {
                "cidr_blocks": [
                  "0.0.0.0/0"
                ],
                "description": "",
                "from_port": 0,
                "ipv6_cidr_blocks": [],
                "prefix_list_ids": [],
                "protocol": "-1",
                "security_groups": [],
                "self": false,
                "to_port": 0
              }
            ],
            "id": "sg-06aa9fbc86f451a53",
            "ingress": [
              {
                "cidr_blocks": [
                  "0.0.0.0/0"
                ],
                "description": "",
                "from_port": 0,
                "ipv6_cidr_blocks": [],
                "prefix_list_ids": [],
                "protocol": "-1",
                "security_groups": [],
                "self": false,
                "to_port": 0
              }
            ],
            "name": "frontend",
            "name_prefix": "",
            "owner_id": "637423386821",
            "revoke_rules_on_delete": false,
            "tags": {},
            "tags_all": {
              "Automation": "Terraform",
              "Course": "CSSE6400",
              "Name": "GeoRecord"
            },
            "timeouts": null,
            "vpc_id": "vpc-09772bcded7dee7c3"
          },
          "sensitive_attributes": [],
          "private": "eyJlMmJmYjczMC1lY2FhLTExZTYtOGY4OC0zNDM2M2JjN2M0YzAiOnsiY3JlYXRlIjo2MDAwMDAwMDAwMDAsImRlbGV0ZSI6OTAwMDAwMDAwMDAwfSwic2NoZW1hX3ZlcnNpb24iOiIxIn0=",
          "dependencies": [
            "data.aws_vpc.default"
          ]
        }
      ]
    },
    {
      "mode": "managed",
      "type": "aws_security_group",
      "name": "user",
      "provider": "provider[\"registry.terraform.io/hashicorp/aws\"]",
      "instances": [
        {
          "schema_version": 1,
          "attributes": {
            "arn": "arn:aws:ec2:us-east-1:637423386821:security-group/sg-020ed69b732281423",
            "description": "user microservice Security Group",
            "egress": [
              {
                "cidr_blocks": [
                  "0.0.0.0/0"
                ],
                "description": "",
                "from_port": 0,
                "ipv6_cidr_blocks": [],
                "prefix_list_ids": [],
                "protocol": "-1",
                "security_groups": [],
                "self": false,
                "to_port": 0
              }
            ],
            "id": "sg-020ed69b732281423",
            "ingress": [
              {
                "cidr_blocks": [
                  "0.0.0.0/0"
                ],
                "description": "",
                "from_port": 0,
                "ipv6_cidr_blocks": [],
                "prefix_list_ids": [],
                "protocol": "-1",
                "security_groups": [],
                "self": false,
                "to_port": 0
              }
            ],
            "name": "user",
            "name_prefix": "",
            "owner_id": "637423386821",
            "revoke_rules_on_delete": false,
            "tags": null,
            "tags_all": {
              "Automation": "Terraform",
              "Course": "CSSE6400",
              "Name": "GeoRecord"
            },
            "timeouts": null,
            "vpc_id": "vpc-09772bcded7dee7c3"
          },
          "sensitive_attributes": [],
          "private": "eyJlMmJmYjczMC1lY2FhLTExZTYtOGY4OC0zNDM2M2JjN2M0YzAiOnsiY3JlYXRlIjo2MDAwMDAwMDAwMDAsImRlbGV0ZSI6OTAwMDAwMDAwMDAwfSwic2NoZW1hX3ZlcnNpb24iOiIxIn0=",
          "dependencies": [
            "data.aws_vpc.default"
          ]
        }
      ]
    },
    {
      "mode": "managed",
      "type": "docker_image",
      "name": "api",
      "provider": "provider[\"registry.terraform.io/kreuzwerker/docker\"]",
      "instances": [
        {
          "schema_version": 0,
          "attributes": {
            "build": [
              {
                "auth_config": [],
                "build_arg": {},
                "build_args": {},
                "build_id": "",
                "cache_from": [],
                "cgroup_parent": "",
                "context": "/Users/tday/uni/csse6400/P01-GeoRecord/iac/../api/",
                "cpu_period": 0,
                "cpu_quota": 0,
                "cpu_set_cpus": "",
                "cpu_set_mems": "",
                "cpu_shares": 0,
                "dockerfile": "Dockerfile",
                "extra_hosts": [],
                "force_remove": false,
                "isolation": "",
                "label": {},
                "labels": {},
                "memory": 0,
                "memory_swap": 0,
                "network_mode": "",
                "no_cache": false,
                "platform": "",
                "pull_parent": false,
                "remote_context": "",
                "remove": true,
                "security_opt": [],
                "session_id": "",
                "shm_size": 0,
                "squash": false,
                "suppress_output": false,
                "tag": [],
                "target": "",
                "ulimit": [],
                "version": ""
              }
            ],
            "force_remove": null,
            "id": "sha256:6be7392178ed5389c697ddc3f771342f10b126761bf95fcc5080eb41bf514381637423386821.dkr.ecr.us-east-1.amazonaws.com/georecord/api:latest",
            "image_id": "sha256:6be7392178ed5389c697ddc3f771342f10b126761bf95fcc5080eb41bf514381",
            "keep_locally": null,
            "name": "637423386821.dkr.ecr.us-east-1.amazonaws.com/georecord/api:latest",
            "platform": null,
            "pull_triggers": null,
            "repo_digest": "637423386821.dkr.ecr.us-east-1.amazonaws.com/georecord/api@sha256:cdae39842eca7ad9c1b46c47148f148470022b00de61adddfad6517930e407b8",
            "triggers": null
          },
          "sensitive_attributes": [],
          "private": "bnVsbA==",
          "dependencies": [
            "aws_ecr_repository.api",
            "data.aws_ecr_authorization_token.ecr_token"
          ]
        }
      ]
    },
    {
      "mode": "managed",
      "type": "docker_image",
      "name": "auth",
      "provider": "provider[\"registry.terraform.io/kreuzwerker/docker\"]",
      "instances": [
        {
          "schema_version": 0,
          "attributes": {
            "build": [
              {
                "auth_config": [],
                "build_arg": {},
                "build_args": {},
                "build_id": "",
                "cache_from": [],
                "cgroup_parent": "",
                "context": "/Users/tday/uni/csse6400/P01-GeoRecord/iac/../auth/",
                "cpu_period": 0,
                "cpu_quota": 0,
                "cpu_set_cpus": "",
                "cpu_set_mems": "",
                "cpu_shares": 0,
                "dockerfile": "Dockerfile",
                "extra_hosts": [],
                "force_remove": false,
                "isolation": "",
                "label": {},
                "labels": {},
                "memory": 0,
                "memory_swap": 0,
                "network_mode": "",
                "no_cache": false,
                "platform": "",
                "pull_parent": false,
                "remote_context": "",
                "remove": true,
                "security_opt": [],
                "session_id": "",
                "shm_size": 0,
                "squash": false,
                "suppress_output": false,
                "tag": [],
                "target": "",
                "ulimit": [],
                "version": ""
              }
            ],
            "force_remove": null,
            "id": "sha256:d3f3fead1d505b9acd2803663b9ec14097859f0df82e8e6cb25870e881b4404c637423386821.dkr.ecr.us-east-1.amazonaws.com/georecord/auth:latest",
            "image_id": "sha256:d3f3fead1d505b9acd2803663b9ec14097859f0df82e8e6cb25870e881b4404c",
            "keep_locally": null,
            "name": "637423386821.dkr.ecr.us-east-1.amazonaws.com/georecord/auth:latest",
            "platform": null,
            "pull_triggers": null,
            "repo_digest": "637423386821.dkr.ecr.us-east-1.amazonaws.com/georecord/auth@sha256:e38661f5a006588ad3f3c8acc1882b20a45bbccaf0792ddc171cd22bffe25375",
            "triggers": null
          },
          "sensitive_attributes": [],
          "private": "bnVsbA==",
          "dependencies": [
            "aws_ecr_repository.auth",
            "data.aws_ecr_authorization_token.ecr_token"
          ]
        }
      ]
    },
    {
      "mode": "managed",
      "type": "docker_image",
      "name": "frontend",
      "provider": "provider[\"registry.terraform.io/kreuzwerker/docker\"]",
      "instances": [
        {
          "schema_version": 0,
          "attributes": {
            "build": [
              {
                "auth_config": [],
                "build_arg": {},
                "build_args": {},
                "build_id": "",
                "cache_from": [],
                "cgroup_parent": "",
                "context": "/Users/tday/uni/csse6400/P01-GeoRecord/iac/../frontend/",
                "cpu_period": 0,
                "cpu_quota": 0,
                "cpu_set_cpus": "",
                "cpu_set_mems": "",
                "cpu_shares": 0,
                "dockerfile": "Dockerfile",
                "extra_hosts": [],
                "force_remove": false,
                "isolation": "",
                "label": {},
                "labels": {},
                "memory": 0,
                "memory_swap": 0,
                "network_mode": "",
                "no_cache": false,
                "platform": "",
                "pull_parent": false,
                "remote_context": "",
                "remove": true,
                "security_opt": [],
                "session_id": "",
                "shm_size": 0,
                "squash": false,
                "suppress_output": false,
                "tag": [],
                "target": "",
                "ulimit": [],
                "version": ""
              }
            ],
            "force_remove": null,
            "id": "sha256:1235809e84c1f90ce61664eb5bca72e756a36964d65db6e9a978d972a0a2b9ae637423386821.dkr.ecr.us-east-1.amazonaws.com/georecord/frontend:latest",
            "image_id": "sha256:1235809e84c1f90ce61664eb5bca72e756a36964d65db6e9a978d972a0a2b9ae",
            "keep_locally": null,
            "name": "637423386821.dkr.ecr.us-east-1.amazonaws.com/georecord/frontend:latest",
            "platform": null,
            "pull_triggers": null,
            "repo_digest": "637423386821.dkr.ecr.us-east-1.amazonaws.com/georecord/frontend@sha256:d2f0ee76bee1d3be1d1d5a536552aa33fa5d567fa0e56404b74571490da80bf5",
            "triggers": null
          },
          "sensitive_attributes": [],
          "private": "bnVsbA==",
          "dependencies": [
            "aws_ecr_repository.frontend",
            "data.aws_ecr_authorization_token.ecr_token"
          ]
        }
      ]
    },
    {
      "mode": "managed",
      "type": "docker_image",
      "name": "user",
      "provider": "provider[\"registry.terraform.io/kreuzwerker/docker\"]",
      "instances": [
        {
          "schema_version": 0,
          "attributes": {
            "build": [
              {
                "auth_config": [],
                "build_arg": null,
                "build_args": null,
                "build_id": "",
                "cache_from": [],
                "cgroup_parent": "",
                "context": "/Users/tday/uni/csse6400/P01-GeoRecord/iac/../user/",
                "cpu_period": null,
                "cpu_quota": null,
                "cpu_set_cpus": "",
                "cpu_set_mems": "",
                "cpu_shares": null,
                "dockerfile": "Dockerfile",
                "extra_hosts": [],
                "force_remove": null,
                "isolation": "",
                "label": null,
                "labels": null,
                "memory": null,
                "memory_swap": null,
                "network_mode": "",
                "no_cache": null,
                "platform": "",
                "pull_parent": null,
                "remote_context": "",
                "remove": true,
                "security_opt": [],
                "session_id": "",
                "shm_size": null,
                "squash": null,
                "suppress_output": null,
                "tag": [],
                "target": "",
                "ulimit": [],
                "version": ""
              }
            ],
            "force_remove": null,
            "id": "sha256:72093d66a877fce6e403620ddf6e3db1d09326ad00ae852987b3b262b07a2b99637423386821.dkr.ecr.us-east-1.amazonaws.com/georecord/user:latest",
            "image_id": "sha256:72093d66a877fce6e403620ddf6e3db1d09326ad00ae852987b3b262b07a2b99",
            "keep_locally": null,
            "name": "637423386821.dkr.ecr.us-east-1.amazonaws.com/georecord/user:latest",
            "platform": null,
            "pull_triggers": null,
            "repo_digest": "",
            "triggers": null
          },
          "sensitive_attributes": [],
          "private": "bnVsbA==",
          "dependencies": [
            "aws_ecr_repository.user",
            "data.aws_ecr_authorization_token.ecr_token"
          ]
        }
      ]
    },
    {
      "mode": "managed",
      "type": "docker_registry_image",
      "name": "api",
      "provider": "provider[\"registry.terraform.io/kreuzwerker/docker\"]",
      "instances": [
        {
          "schema_version": 0,
          "attributes": {
            "id": "sha256:cdae39842eca7ad9c1b46c47148f148470022b00de61adddfad6517930e407b8",
            "insecure_skip_verify": false,
            "keep_remotely": false,
            "name": "637423386821.dkr.ecr.us-east-1.amazonaws.com/georecord/api:latest",
            "sha256_digest": "sha256:cdae39842eca7ad9c1b46c47148f148470022b00de61adddfad6517930e407b8",
            "triggers": null
          },
          "sensitive_attributes": [],
          "private": "bnVsbA==",
          "dependencies": [
            "aws_ecr_repository.api",
            "data.aws_ecr_authorization_token.ecr_token",
            "docker_image.api"
          ]
        }
      ]
    },
    {
      "mode": "managed",
      "type": "docker_registry_image",
      "name": "auth",
      "provider": "provider[\"registry.terraform.io/kreuzwerker/docker\"]",
      "instances": [
        {
          "schema_version": 0,
          "attributes": {
            "id": "sha256:e38661f5a006588ad3f3c8acc1882b20a45bbccaf0792ddc171cd22bffe25375",
            "insecure_skip_verify": false,
            "keep_remotely": false,
            "name": "637423386821.dkr.ecr.us-east-1.amazonaws.com/georecord/auth:latest",
            "sha256_digest": "sha256:e38661f5a006588ad3f3c8acc1882b20a45bbccaf0792ddc171cd22bffe25375",
            "triggers": null
          },
          "sensitive_attributes": [],
          "private": "bnVsbA==",
          "dependencies": [
            "aws_ecr_repository.auth",
            "data.aws_ecr_authorization_token.ecr_token",
            "docker_image.auth"
          ]
        }
      ]
    },
    {
      "mode": "managed",
      "type": "docker_registry_image",
      "name": "frontend",
      "provider": "provider[\"registry.terraform.io/kreuzwerker/docker\"]",
      "instances": [
        {
          "schema_version": 0,
          "attributes": {
            "id": "sha256:d2f0ee76bee1d3be1d1d5a536552aa33fa5d567fa0e56404b74571490da80bf5",
            "insecure_skip_verify": false,
            "keep_remotely": false,
            "name": "637423386821.dkr.ecr.us-east-1.amazonaws.com/georecord/frontend:latest",
            "sha256_digest": "sha256:d2f0ee76bee1d3be1d1d5a536552aa33fa5d567fa0e56404b74571490da80bf5",
            "triggers": null
          },
          "sensitive_attributes": [],
          "private": "bnVsbA==",
          "dependencies": [
            "aws_ecr_repository.frontend",
            "data.aws_ecr_authorization_token.ecr_token",
            "docker_image.frontend"
          ]
        }
      ]
    },
    {
      "mode": "managed",
      "type": "docker_registry_image",
      "name": "user",
      "provider": "provider[\"registry.terraform.io/kreuzwerker/docker\"]",
      "instances": [
        {
          "schema_version": 0,
          "attributes": {
            "id": "sha256:3a844c9f09475ab7da104ef31adb1bf71c86c84308122417b389e81961104269",
            "insecure_skip_verify": false,
            "keep_remotely": false,
            "name": "637423386821.dkr.ecr.us-east-1.amazonaws.com/georecord/user:latest",
            "sha256_digest": "sha256:3a844c9f09475ab7da104ef31adb1bf71c86c84308122417b389e81961104269",
            "triggers": null
          },
          "sensitive_attributes": [],
          "private": "bnVsbA==",
          "dependencies": [
            "aws_ecr_repository.user",
            "data.aws_ecr_authorization_token.ecr_token",
            "docker_image.user"
          ]
        }
      ]
    }
  ],
  "check_results": null
}
